// !$*UTF8*$!
{
	archiveVersion = 1;
	classes = {
	};
	objectVersion = 55;
	objects = {

/* Begin PBXBuildFile section */
		968D2FD60FF73111722A446D /* Pods_frameproject.framework in Frameworks */ = {isa = PBXBuildFile; fileRef = 6F2D57B8AB078963692EAE8D /* Pods_frameproject.framework */; };
		BB06E2712893D10200172F1E /* AppDelegate.swift in Sources */ = {isa = PBXBuildFile; fileRef = BB06E2702893D10200172F1E /* AppDelegate.swift */; };
		BB06E2752893D10200172F1E /* ViewController.swift in Sources */ = {isa = PBXBuildFile; fileRef = BB06E2742893D10200172F1E /* ViewController.swift */; };
		BB06E2782893D10200172F1E /* Main.storyboard in Resources */ = {isa = PBXBuildFile; fileRef = BB06E2762893D10200172F1E /* Main.storyboard */; };
		BB06E27A2893D10200172F1E /* Assets.xcassets in Resources */ = {isa = PBXBuildFile; fileRef = BB06E2792893D10200172F1E /* Assets.xcassets */; };
		BB06E27D2893D10200172F1E /* LaunchScreen.storyboard in Resources */ = {isa = PBXBuildFile; fileRef = BB06E27B2893D10200172F1E /* LaunchScreen.storyboard */; };
		BB06E2882893D10200172F1E /* frameprojectTests.swift in Sources */ = {isa = PBXBuildFile; fileRef = BB06E2872893D10200172F1E /* frameprojectTests.swift */; };
		BB06E2922893D10200172F1E /* frameprojectUITests.swift in Sources */ = {isa = PBXBuildFile; fileRef = BB06E2912893D10200172F1E /* frameprojectUITests.swift */; };
		BB06E2942893D10200172F1E /* frameprojectUITestsLaunchTests.swift in Sources */ = {isa = PBXBuildFile; fileRef = BB06E2932893D10200172F1E /* frameprojectUITestsLaunchTests.swift */; };
		BB06E2A82893D6ED00172F1E /* Debugger.swift in Sources */ = {isa = PBXBuildFile; fileRef = BB06E2A72893D6ED00172F1E /* Debugger.swift */; };
		BB06E2AD2895190D00172F1E /* ObservingInfo.swift in Sources */ = {isa = PBXBuildFile; fileRef = BB06E2AC2895190D00172F1E /* ObservingInfo.swift */; };
		BB06E2B028951AAE00172F1E /* ViewUtility.swift in Sources */ = {isa = PBXBuildFile; fileRef = BB06E2AF28951AAE00172F1E /* ViewUtility.swift */; };
		BB06E2B3289528CB00172F1E /* ObservingSelectorInfo.swift in Sources */ = {isa = PBXBuildFile; fileRef = BB06E2B2289528CB00172F1E /* ObservingSelectorInfo.swift */; };
		BB06E2B52895300600172F1E /* SampleNSObjectClass.swift in Sources */ = {isa = PBXBuildFile; fileRef = BB06E2B42895300600172F1E /* SampleNSObjectClass.swift */; };
		BB06E2B9289530A000172F1E /* SampleViewController.swift in Sources */ = {isa = PBXBuildFile; fileRef = BB06E2B8289530A000172F1E /* SampleViewController.swift */; };
		BB06E2BB2895342200172F1E /* Sample.storyboard in Resources */ = {isa = PBXBuildFile; fileRef = BB06E2BA2895342200172F1E /* Sample.storyboard */; };
		BB06E2BD28956E9B00172F1E /* View.swift in Sources */ = {isa = PBXBuildFile; fileRef = BB06E2BC28956E9B00172F1E /* View.swift */; };
		BB06E2C12895845700172F1E /* UIView.swift in Sources */ = {isa = PBXBuildFile; fileRef = BB06E2C02895845700172F1E /* UIView.swift */; };
		BB06E2C32895887F00172F1E /* DesignSystem.swift in Sources */ = {isa = PBXBuildFile; fileRef = BB06E2C22895887F00172F1E /* DesignSystem.swift */; };
		BB06E2C528958A0700172F1E /* UIColor.swift in Sources */ = {isa = PBXBuildFile; fileRef = BB06E2C428958A0700172F1E /* UIColor.swift */; };
		BB06E2C728958A5600172F1E /* Corner.swift in Sources */ = {isa = PBXBuildFile; fileRef = BB06E2C628958A5600172F1E /* Corner.swift */; };
		BB06E2C928958A8300172F1E /* Color.swift in Sources */ = {isa = PBXBuildFile; fileRef = BB06E2C828958A8300172F1E /* Color.swift */; };
		BB06E2CB28958C3900172F1E /* Icon.swift in Sources */ = {isa = PBXBuildFile; fileRef = BB06E2CA28958C3900172F1E /* Icon.swift */; };
		BB06E2CF28958CC500172F1E /* Font.swift in Sources */ = {isa = PBXBuildFile; fileRef = BB06E2CE28958CC500172F1E /* Font.swift */; };
		BB06E2D22896324D00172F1E /* DesignSystemView.swift in Sources */ = {isa = PBXBuildFile; fileRef = BB06E2D12896324D00172F1E /* DesignSystemView.swift */; };
		BB06E2D42897905D00172F1E /* Spacing.swift in Sources */ = {isa = PBXBuildFile; fileRef = BB06E2D32897905D00172F1E /* Spacing.swift */; };
		BB4E369728BF2529002C27A7 /* DataType.swift in Sources */ = {isa = PBXBuildFile; fileRef = BB4E369628BF2529002C27A7 /* DataType.swift */; };
		BB4E369928BF29CB002C27A7 /* ImagePathInfo.swift in Sources */ = {isa = PBXBuildFile; fileRef = BB4E369828BF29CB002C27A7 /* ImagePathInfo.swift */; };
		BB4E369C28BF2E47002C27A7 /* NetworkManager.swift in Sources */ = {isa = PBXBuildFile; fileRef = BB4E369B28BF2E47002C27A7 /* NetworkManager.swift */; };
		BB61DF0C28A0F52C006F2E63 /* StandardNSObject.swift in Sources */ = {isa = PBXBuildFile; fileRef = BB61DF0B28A0F52C006F2E63 /* StandardNSObject.swift */; };
		BB61DF1328A3D811006F2E63 /* UIFont.swift in Sources */ = {isa = PBXBuildFile; fileRef = BB61DF1228A3D811006F2E63 /* UIFont.swift */; };
		BB61DF1628A3DC09006F2E63 /* RadioButtonView.swift in Sources */ = {isa = PBXBuildFile; fileRef = BB61DF1528A3DC09006F2E63 /* RadioButtonView.swift */; };
		BB61DF1B28A3EAA7006F2E63 /* ShowHideView.swift in Sources */ = {isa = PBXBuildFile; fileRef = BB61DF1A28A3EAA7006F2E63 /* ShowHideView.swift */; };
		BB61DF1E28A41EC9006F2E63 /* SectionView.swift in Sources */ = {isa = PBXBuildFile; fileRef = BB61DF1D28A41EC9006F2E63 /* SectionView.swift */; };
		BB61DF2428A75CE4006F2E63 /* NetworkServiceConfigProtocol.swift in Sources */ = {isa = PBXBuildFile; fileRef = BB61DF2328A75CE4006F2E63 /* NetworkServiceConfigProtocol.swift */; };
		BB61DF2628A75F08006F2E63 /* NetworkServiceConfig.swift in Sources */ = {isa = PBXBuildFile; fileRef = BB61DF2528A75F08006F2E63 /* NetworkServiceConfig.swift */; };
		BB61DF2828B07407006F2E63 /* NetworkServiceProtocol.swift in Sources */ = {isa = PBXBuildFile; fileRef = BB61DF2728B07407006F2E63 /* NetworkServiceProtocol.swift */; };
		BB61DF2A28B07439006F2E63 /* NetworkRequestInfo.swift in Sources */ = {isa = PBXBuildFile; fileRef = BB61DF2928B07439006F2E63 /* NetworkRequestInfo.swift */; };
		BB61DF2C28B074D9006F2E63 /* NetworkHTTPMethod.swift in Sources */ = {isa = PBXBuildFile; fileRef = BB61DF2B28B074D9006F2E63 /* NetworkHTTPMethod.swift */; };
		BB68DDBC2A2502C70095AFD8 /* SourceSansPro-Bold.otf in Resources */ = {isa = PBXBuildFile; fileRef = BB68DDB02A2502C60095AFD8 /* SourceSansPro-Bold.otf */; };
		BB68DDBD2A2502C70095AFD8 /* SourceSansPro-Regular.otf in Resources */ = {isa = PBXBuildFile; fileRef = BB68DDB12A2502C60095AFD8 /* SourceSansPro-Regular.otf */; };
		BB68DDBE2A2502C70095AFD8 /* SourceSansPro-ExtraLight.otf in Resources */ = {isa = PBXBuildFile; fileRef = BB68DDB22A2502C60095AFD8 /* SourceSansPro-ExtraLight.otf */; };
		BB68DDBF2A2502C70095AFD8 /* SourceSansPro-SemiboldIt.otf in Resources */ = {isa = PBXBuildFile; fileRef = BB68DDB32A2502C60095AFD8 /* SourceSansPro-SemiboldIt.otf */; };
		BB68DDC02A2502C70095AFD8 /* SourceSansPro-LightIt.otf in Resources */ = {isa = PBXBuildFile; fileRef = BB68DDB42A2502C60095AFD8 /* SourceSansPro-LightIt.otf */; };
		BB68DDC12A2502C70095AFD8 /* SourceSansPro-Light.otf in Resources */ = {isa = PBXBuildFile; fileRef = BB68DDB52A2502C60095AFD8 /* SourceSansPro-Light.otf */; };
		BB68DDC22A2502C70095AFD8 /* SourceSansPro-BlackIt.otf in Resources */ = {isa = PBXBuildFile; fileRef = BB68DDB62A2502C60095AFD8 /* SourceSansPro-BlackIt.otf */; };
		BB68DDC32A2502C70095AFD8 /* SourceSansPro-ExtraLightIt.otf in Resources */ = {isa = PBXBuildFile; fileRef = BB68DDB72A2502C60095AFD8 /* SourceSansPro-ExtraLightIt.otf */; };
		BB68DDC42A2502C70095AFD8 /* SourceSansPro-BoldIt.otf in Resources */ = {isa = PBXBuildFile; fileRef = BB68DDB82A2502C60095AFD8 /* SourceSansPro-BoldIt.otf */; };
		BB68DDC52A2502C70095AFD8 /* SourceSansPro-Semibold.otf in Resources */ = {isa = PBXBuildFile; fileRef = BB68DDB92A2502C60095AFD8 /* SourceSansPro-Semibold.otf */; };
		BB68DDC62A2502C70095AFD8 /* SourceSansPro-Black.otf in Resources */ = {isa = PBXBuildFile; fileRef = BB68DDBA2A2502C70095AFD8 /* SourceSansPro-Black.otf */; };
		BB68DDC72A2502C70095AFD8 /* SourceSansPro-It.otf in Resources */ = {isa = PBXBuildFile; fileRef = BB68DDBB2A2502C70095AFD8 /* SourceSansPro-It.otf */; };
		BB769EEA2902B6DC000D5F1D /* DispatchQueue.swift in Sources */ = {isa = PBXBuildFile; fileRef = BB769EE92902B6DC000D5F1D /* DispatchQueue.swift */; };
		BB769EED2902B78F000D5F1D /* Configuration.swift in Sources */ = {isa = PBXBuildFile; fileRef = BB769EEC2902B78F000D5F1D /* Configuration.swift */; };
		BB769EEF2902B7A8000D5F1D /* Constant.swift in Sources */ = {isa = PBXBuildFile; fileRef = BB769EEE2902B7A8000D5F1D /* Constant.swift */; };
		BB769EF12902B8B2000D5F1D /* EnvironmentConfiguration.swift in Sources */ = {isa = PBXBuildFile; fileRef = BB769EF02902B8B2000D5F1D /* EnvironmentConfiguration.swift */; };
		BB769EF32902BB71000D5F1D /* DevelopmentEnvironmentConfiguration.swift in Sources */ = {isa = PBXBuildFile; fileRef = BB769EF22902BB71000D5F1D /* DevelopmentEnvironmentConfiguration.swift */; };
		BB769EF52902BB80000D5F1D /* ProductionEnvironmentConfiguration.swift in Sources */ = {isa = PBXBuildFile; fileRef = BB769EF42902BB80000D5F1D /* ProductionEnvironmentConfiguration.swift */; };
		BB809BD229069F8900D123CD /* AlamofireNetworkService.swift in Sources */ = {isa = PBXBuildFile; fileRef = BB809BD129069F8900D123CD /* AlamofireNetworkService.swift */; };
		BB809BD92906AB1900D123CD /* AlamofireServiceConfig.swift in Sources */ = {isa = PBXBuildFile; fileRef = BB809BD82906AB1900D123CD /* AlamofireServiceConfig.swift */; };
		BB809BDD2907C2E300D123CD /* String.swift in Sources */ = {isa = PBXBuildFile; fileRef = BB809BDC2907C2E300D123CD /* String.swift */; };
		BB809BDF2907D44200D123CD /* NetworkManagerUtilities.swift in Sources */ = {isa = PBXBuildFile; fileRef = BB809BDE2907D44200D123CD /* NetworkManagerUtilities.swift */; };
		BB809BE1290BD72600D123CD /* APIServiceManager.swift in Sources */ = {isa = PBXBuildFile; fileRef = BB809BE0290BD72600D123CD /* APIServiceManager.swift */; };
		BB95AC652905C18200F4653E /* Dictionary.swift in Sources */ = {isa = PBXBuildFile; fileRef = BB95AC642905C18200F4653E /* Dictionary.swift */; };
		BB95AC672905C1AA00F4653E /* Data.swift in Sources */ = {isa = PBXBuildFile; fileRef = BB95AC662905C1AA00F4653E /* Data.swift */; };
		BBA8DE1A292722D200BD9E45 /* LSLocationManager.swift in Sources */ = {isa = PBXBuildFile; fileRef = BBA8DE19292722D200BD9E45 /* LSLocationManager.swift */; };
		BBA8DE2C292724C800BD9E45 /* UrlRoute.swift in Sources */ = {isa = PBXBuildFile; fileRef = BBA8DE1C292724C700BD9E45 /* UrlRoute.swift */; };
		BBA8DE2D292724C800BD9E45 /* NSString+MD5Addition.m in Sources */ = {isa = PBXBuildFile; fileRef = BBA8DE1E292724C700BD9E45 /* NSString+MD5Addition.m */; };
		BBA8DE2E292724C800BD9E45 /* DeviceUID.m in Sources */ = {isa = PBXBuildFile; fileRef = BBA8DE21292724C700BD9E45 /* DeviceUID.m */; };
		BBA8DE2F292724C800BD9E45 /* UrlPattern.swift in Sources */ = {isa = PBXBuildFile; fileRef = BBA8DE22292724C700BD9E45 /* UrlPattern.swift */; };
		BBA8DE30292724C800BD9E45 /* String+Extension.swift in Sources */ = {isa = PBXBuildFile; fileRef = BBA8DE23292724C800BD9E45 /* String+Extension.swift */; };
		BBA8DE31292724C800BD9E45 /* InfiniteScrollView.swift in Sources */ = {isa = PBXBuildFile; fileRef = BBA8DE25292724C800BD9E45 /* InfiniteScrollView.swift */; };
		BBA8DE32292724C800BD9E45 /* UrlRouted.swift in Sources */ = {isa = PBXBuildFile; fileRef = BBA8DE26292724C800BD9E45 /* UrlRouted.swift */; };
		BBA8DE33292724C800BD9E45 /* ListTransform.swift in Sources */ = {isa = PBXBuildFile; fileRef = BBA8DE28292724C800BD9E45 /* ListTransform.swift */; };
		BBA8DE35292724C800BD9E45 /* UrlRouter.swift in Sources */ = {isa = PBXBuildFile; fileRef = BBA8DE2B292724C800BD9E45 /* UrlRouter.swift */; };
		BBA8DE3B2927258E00BD9E45 /* MotionKit.swift in Sources */ = {isa = PBXBuildFile; fileRef = BBA8DE3A2927258D00BD9E45 /* MotionKit.swift */; };
		BBA8DE3F29272C5F00BD9E45 /* ArrayExtension.swift in Sources */ = {isa = PBXBuildFile; fileRef = BBA8DE3E29272C5F00BD9E45 /* ArrayExtension.swift */; };
		BBA8DE4329272D4500BD9E45 /* ObservableArray.swift in Sources */ = {isa = PBXBuildFile; fileRef = BBA8DE4229272D4500BD9E45 /* ObservableArray.swift */; };
		BBAD30FF2A73D8530082247B /* UserDefaults.swift in Sources */ = {isa = PBXBuildFile; fileRef = BBAD30FE2A73D8530082247B /* UserDefaults.swift */; };
		BBAD31012A73E33D0082247B /* TypeAliasList.swift in Sources */ = {isa = PBXBuildFile; fileRef = BBAD31002A73E33D0082247B /* TypeAliasList.swift */; };
		BBAD31032A73F2570082247B /* APIPath.swift in Sources */ = {isa = PBXBuildFile; fileRef = BBAD31022A73F2570082247B /* APIPath.swift */; };
		BBAD31072A7400CA0082247B /* SmartObservable.swift in Sources */ = {isa = PBXBuildFile; fileRef = BBAD31062A7400CA0082247B /* SmartObservable.swift */; };
		BBAD310B2A7405F70082247B /* SampleMappable.swift in Sources */ = {isa = PBXBuildFile; fileRef = BBAD310A2A7405F70082247B /* SampleMappable.swift */; };
		BBAD310D2A74AFBD0082247B /* SmartLocalObservable.swift in Sources */ = {isa = PBXBuildFile; fileRef = BBAD310C2A74AFBD0082247B /* SmartLocalObservable.swift */; };
		BBAD310F2A74B83B0082247B /* SmartObservableProtocol.swift in Sources */ = {isa = PBXBuildFile; fileRef = BBAD310E2A74B83A0082247B /* SmartObservableProtocol.swift */; };
		BBAD31112A74D24D0082247B /* Realm.swift in Sources */ = {isa = PBXBuildFile; fileRef = BBAD31102A74D24D0082247B /* Realm.swift */; };
		BBAD31132A74D5BB0082247B /* SampleObject.swift in Sources */ = {isa = PBXBuildFile; fileRef = BBAD31122A74D5BB0082247B /* SampleObject.swift */; };
		BBAD31172A76279E0082247B /* SmartLocalObservableList.swift in Sources */ = {isa = PBXBuildFile; fileRef = BBAD31162A76279E0082247B /* SmartLocalObservableList.swift */; };
		BBAD311C2A7BB3070082247B /* SampleViewProtocol.swift in Sources */ = {isa = PBXBuildFile; fileRef = BBAD311B2A7BB3070082247B /* SampleViewProtocol.swift */; };
		BBAD311E2A7BB3180082247B /* LoadingRequestCounter.swift in Sources */ = {isa = PBXBuildFile; fileRef = BBAD311D2A7BB3180082247B /* LoadingRequestCounter.swift */; };
		BBAD31202A7BB62A0082247B /* SampleWireFrameProtocol.swift in Sources */ = {isa = PBXBuildFile; fileRef = BBAD311F2A7BB62A0082247B /* SampleWireFrameProtocol.swift */; };
		BBAD31222A7BB6EB0082247B /* SampleWireFrame.swift in Sources */ = {isa = PBXBuildFile; fileRef = BBAD31212A7BB6EB0082247B /* SampleWireFrame.swift */; };
		BBAD31242A7BB88D0082247B /* SamplePresenterProtocol.swift in Sources */ = {isa = PBXBuildFile; fileRef = BBAD31232A7BB88D0082247B /* SamplePresenterProtocol.swift */; };
		BBAD31262A7BB8950082247B /* SamplePresenter.swift in Sources */ = {isa = PBXBuildFile; fileRef = BBAD31252A7BB8950082247B /* SamplePresenter.swift */; };
		BBAD312A2A7BDBA50082247B /* Init.storyboard in Resources */ = {isa = PBXBuildFile; fileRef = BBAD31292A7BDBA50082247B /* Init.storyboard */; };
		BBAD312C2A7BDC480082247B /* InitViewController.swift in Sources */ = {isa = PBXBuildFile; fileRef = BBAD312B2A7BDC480082247B /* InitViewController.swift */; };
		BBAD312E2A7BDD4E0082247B /* UtilityRouter.swift in Sources */ = {isa = PBXBuildFile; fileRef = BBAD312D2A7BDD4E0082247B /* UtilityRouter.swift */; };
		BBAEE5052A8B347100BE47F7 /* TableView.swift in Sources */ = {isa = PBXBuildFile; fileRef = BBAEE5042A8B347100BE47F7 /* TableView.swift */; };
		BBAEE5072A8B767F00BE47F7 /* TableViewCell.swift in Sources */ = {isa = PBXBuildFile; fileRef = BBAEE5062A8B767F00BE47F7 /* TableViewCell.swift */; };
		BBAEE50B2A8B78FD00BE47F7 /* NameTableViewCell.swift in Sources */ = {isa = PBXBuildFile; fileRef = BBAEE50A2A8B78FD00BE47F7 /* NameTableViewCell.swift */; };
		BBAEE50D2A8B7CCB00BE47F7 /* UILabel.swift in Sources */ = {isa = PBXBuildFile; fileRef = BBAEE50C2A8B7CCB00BE47F7 /* UILabel.swift */; };
		BBAEE50F2A8B837300BE47F7 /* UIScrollView.swift in Sources */ = {isa = PBXBuildFile; fileRef = BBAEE50E2A8B837300BE47F7 /* UIScrollView.swift */; };
		BBAEE5152A8B84F000BE47F7 /* UITableView.swift in Sources */ = {isa = PBXBuildFile; fileRef = BBAEE5142A8B84F000BE47F7 /* UITableView.swift */; };
		BBAEE5172A8B85E500BE47F7 /* SampleListViewController.swift in Sources */ = {isa = PBXBuildFile; fileRef = BBAEE5162A8B85E500BE47F7 /* SampleListViewController.swift */; };
		BBAEE5192A8B85F300BE47F7 /* SampleList.storyboard in Resources */ = {isa = PBXBuildFile; fileRef = BBAEE5182A8B85F300BE47F7 /* SampleList.storyboard */; };
		BBAEE51B2A8B85FC00BE47F7 /* SampleListViewProtocol.swift in Sources */ = {isa = PBXBuildFile; fileRef = BBAEE51A2A8B85FC00BE47F7 /* SampleListViewProtocol.swift */; };
		BBAEE51D2A8B865800BE47F7 /* SampleListPresenterProtocol.swift in Sources */ = {isa = PBXBuildFile; fileRef = BBAEE51C2A8B865800BE47F7 /* SampleListPresenterProtocol.swift */; };
		BBAEE51F2A8B865E00BE47F7 /* SampleListPresenter.swift in Sources */ = {isa = PBXBuildFile; fileRef = BBAEE51E2A8B865E00BE47F7 /* SampleListPresenter.swift */; };
		BBAEE5212A8B86AE00BE47F7 /* SampleListWireFrameProtocol.swift in Sources */ = {isa = PBXBuildFile; fileRef = BBAEE5202A8B86AE00BE47F7 /* SampleListWireFrameProtocol.swift */; };
		BBAEE5232A8B86B400BE47F7 /* SampleListWireFrame.swift in Sources */ = {isa = PBXBuildFile; fileRef = BBAEE5222A8B86B400BE47F7 /* SampleListWireFrame.swift */; };
		BBC047DC2A91A99900C01289 /* GoogleService-Info.plist in Resources */ = {isa = PBXBuildFile; fileRef = BBC047DB2A91A99900C01289 /* GoogleService-Info.plist */; };
		BBD85F6B29516EDE0019AD4D /* TestObject.swift in Sources */ = {isa = PBXBuildFile; fileRef = BBD85F6A29516EDE0019AD4D /* TestObject.swift */; };
		BBD85F6D295462690019AD4D /* GlobalStatusVariable.swift in Sources */ = {isa = PBXBuildFile; fileRef = BBD85F6C295462690019AD4D /* GlobalStatusVariable.swift */; };
		BBD85F71295463020019AD4D /* NSBundle+Language.m in Sources */ = {isa = PBXBuildFile; fileRef = BBD85F70295463020019AD4D /* NSBundle+Language.m */; };
		BBD85F74295467360019AD4D /* Utils.swift in Sources */ = {isa = PBXBuildFile; fileRef = BBD85F73295467360019AD4D /* Utils.swift */; };
		BBD85F762954686C0019AD4D /* AuthenticationService.swift in Sources */ = {isa = PBXBuildFile; fileRef = BBD85F752954686C0019AD4D /* AuthenticationService.swift */; };
		BBE4B87028B0F54E00ADDC4C /* NetworkingParam.swift in Sources */ = {isa = PBXBuildFile; fileRef = BBE4B86F28B0F54E00ADDC4C /* NetworkingParam.swift */; };
		BBE4B87328B0F63C00ADDC4C /* ErrorData.swift in Sources */ = {isa = PBXBuildFile; fileRef = BBE4B87228B0F63C00ADDC4C /* ErrorData.swift */; };
		BBE4B87528B101CE00ADDC4C /* ResponseData.swift in Sources */ = {isa = PBXBuildFile; fileRef = BBE4B87428B101CE00ADDC4C /* ResponseData.swift */; };
		BBE4B87728B1039200ADDC4C /* NetworkUtility.swift in Sources */ = {isa = PBXBuildFile; fileRef = BBE4B87628B1039200ADDC4C /* NetworkUtility.swift */; };
		BBFB0C3F29696AB3005EF628 /* Observer.swift in Sources */ = {isa = PBXBuildFile; fileRef = BBFB0C3E29696AB3005EF628 /* Observer.swift */; };
		BBFB0C4129696D57005EF628 /* ObservingBlockInfo.swift in Sources */ = {isa = PBXBuildFile; fileRef = BBFB0C4029696D57005EF628 /* ObservingBlockInfo.swift */; };
		BBFB0C4329696E3D005EF628 /* ObservingActionInfo.swift in Sources */ = {isa = PBXBuildFile; fileRef = BBFB0C4229696E3D005EF628 /* ObservingActionInfo.swift */; };
/* End PBXBuildFile section */

/* Begin PBXContainerItemProxy section */
		BB06E2842893D10200172F1E /* PBXContainerItemProxy */ = {
			isa = PBXContainerItemProxy;
			containerPortal = BB06E2652893D10200172F1E /* Project object */;
			proxyType = 1;
			remoteGlobalIDString = BB06E26C2893D10200172F1E;
			remoteInfo = frameproject;
		};
		BB06E28E2893D10200172F1E /* PBXContainerItemProxy */ = {
			isa = PBXContainerItemProxy;
			containerPortal = BB06E2652893D10200172F1E /* Project object */;
			proxyType = 1;
			remoteGlobalIDString = BB06E26C2893D10200172F1E;
			remoteInfo = frameproject;
		};
/* End PBXContainerItemProxy section */

/* Begin PBXFileReference section */
		2B1001D664A03BA3FA8131DB /* Pods-frameproject.debug.xcconfig */ = {isa = PBXFileReference; includeInIndex = 1; lastKnownFileType = text.xcconfig; name = "Pods-frameproject.debug.xcconfig"; path = "Target Support Files/Pods-frameproject/Pods-frameproject.debug.xcconfig"; sourceTree = "<group>"; };
		6F2D57B8AB078963692EAE8D /* Pods_frameproject.framework */ = {isa = PBXFileReference; explicitFileType = wrapper.framework; includeInIndex = 0; path = Pods_frameproject.framework; sourceTree = BUILT_PRODUCTS_DIR; };
		B88C784D9DD124BFE6D884E7 /* Pods-frameproject.release.xcconfig */ = {isa = PBXFileReference; includeInIndex = 1; lastKnownFileType = text.xcconfig; name = "Pods-frameproject.release.xcconfig"; path = "Target Support Files/Pods-frameproject/Pods-frameproject.release.xcconfig"; sourceTree = "<group>"; };
		BB06E26D2893D10200172F1E /* frameproject.app */ = {isa = PBXFileReference; explicitFileType = wrapper.application; includeInIndex = 0; path = frameproject.app; sourceTree = BUILT_PRODUCTS_DIR; };
		BB06E2702893D10200172F1E /* AppDelegate.swift */ = {isa = PBXFileReference; lastKnownFileType = sourcecode.swift; path = AppDelegate.swift; sourceTree = "<group>"; };
		BB06E2742893D10200172F1E /* ViewController.swift */ = {isa = PBXFileReference; lastKnownFileType = sourcecode.swift; path = ViewController.swift; sourceTree = "<group>"; };
		BB06E2772893D10200172F1E /* Base */ = {isa = PBXFileReference; lastKnownFileType = file.storyboard; name = Base; path = Base.lproj/Main.storyboard; sourceTree = "<group>"; };
		BB06E2792893D10200172F1E /* Assets.xcassets */ = {isa = PBXFileReference; lastKnownFileType = folder.assetcatalog; path = Assets.xcassets; sourceTree = "<group>"; };
		BB06E27C2893D10200172F1E /* Base */ = {isa = PBXFileReference; lastKnownFileType = file.storyboard; name = Base; path = Base.lproj/LaunchScreen.storyboard; sourceTree = "<group>"; };
		BB06E27E2893D10200172F1E /* Info.plist */ = {isa = PBXFileReference; lastKnownFileType = text.plist.xml; path = Info.plist; sourceTree = "<group>"; };
		BB06E2832893D10200172F1E /* frameprojectTests.xctest */ = {isa = PBXFileReference; explicitFileType = wrapper.cfbundle; includeInIndex = 0; path = frameprojectTests.xctest; sourceTree = BUILT_PRODUCTS_DIR; };
		BB06E2872893D10200172F1E /* frameprojectTests.swift */ = {isa = PBXFileReference; lastKnownFileType = sourcecode.swift; path = frameprojectTests.swift; sourceTree = "<group>"; };
		BB06E28D2893D10200172F1E /* frameprojectUITests.xctest */ = {isa = PBXFileReference; explicitFileType = wrapper.cfbundle; includeInIndex = 0; path = frameprojectUITests.xctest; sourceTree = BUILT_PRODUCTS_DIR; };
		BB06E2912893D10200172F1E /* frameprojectUITests.swift */ = {isa = PBXFileReference; lastKnownFileType = sourcecode.swift; path = frameprojectUITests.swift; sourceTree = "<group>"; };
		BB06E2932893D10200172F1E /* frameprojectUITestsLaunchTests.swift */ = {isa = PBXFileReference; lastKnownFileType = sourcecode.swift; path = frameprojectUITestsLaunchTests.swift; sourceTree = "<group>"; };
		BB06E2A72893D6ED00172F1E /* Debugger.swift */ = {isa = PBXFileReference; lastKnownFileType = sourcecode.swift; path = Debugger.swift; sourceTree = "<group>"; };
		BB06E2AC2895190D00172F1E /* ObservingInfo.swift */ = {isa = PBXFileReference; lastKnownFileType = sourcecode.swift; path = ObservingInfo.swift; sourceTree = "<group>"; };
		BB06E2AF28951AAE00172F1E /* ViewUtility.swift */ = {isa = PBXFileReference; lastKnownFileType = sourcecode.swift; path = ViewUtility.swift; sourceTree = "<group>"; };
		BB06E2B2289528CB00172F1E /* ObservingSelectorInfo.swift */ = {isa = PBXFileReference; lastKnownFileType = sourcecode.swift; path = ObservingSelectorInfo.swift; sourceTree = "<group>"; };
		BB06E2B42895300600172F1E /* SampleNSObjectClass.swift */ = {isa = PBXFileReference; lastKnownFileType = sourcecode.swift; path = SampleNSObjectClass.swift; sourceTree = "<group>"; };
		BB06E2B8289530A000172F1E /* SampleViewController.swift */ = {isa = PBXFileReference; lastKnownFileType = sourcecode.swift; path = SampleViewController.swift; sourceTree = "<group>"; };
		BB06E2BA2895342200172F1E /* Sample.storyboard */ = {isa = PBXFileReference; lastKnownFileType = file.storyboard; path = Sample.storyboard; sourceTree = "<group>"; };
		BB06E2BC28956E9B00172F1E /* View.swift */ = {isa = PBXFileReference; lastKnownFileType = sourcecode.swift; path = View.swift; sourceTree = "<group>"; };
		BB06E2C02895845700172F1E /* UIView.swift */ = {isa = PBXFileReference; lastKnownFileType = sourcecode.swift; path = UIView.swift; sourceTree = "<group>"; };
		BB06E2C22895887F00172F1E /* DesignSystem.swift */ = {isa = PBXFileReference; lastKnownFileType = sourcecode.swift; path = DesignSystem.swift; sourceTree = "<group>"; };
		BB06E2C428958A0700172F1E /* UIColor.swift */ = {isa = PBXFileReference; lastKnownFileType = sourcecode.swift; path = UIColor.swift; sourceTree = "<group>"; };
		BB06E2C628958A5600172F1E /* Corner.swift */ = {isa = PBXFileReference; lastKnownFileType = sourcecode.swift; path = Corner.swift; sourceTree = "<group>"; };
		BB06E2C828958A8300172F1E /* Color.swift */ = {isa = PBXFileReference; lastKnownFileType = sourcecode.swift; path = Color.swift; sourceTree = "<group>"; };
		BB06E2CA28958C3900172F1E /* Icon.swift */ = {isa = PBXFileReference; lastKnownFileType = sourcecode.swift; path = Icon.swift; sourceTree = "<group>"; };
		BB06E2CE28958CC500172F1E /* Font.swift */ = {isa = PBXFileReference; lastKnownFileType = sourcecode.swift; path = Font.swift; sourceTree = "<group>"; };
		BB06E2D12896324D00172F1E /* DesignSystemView.swift */ = {isa = PBXFileReference; lastKnownFileType = sourcecode.swift; path = DesignSystemView.swift; sourceTree = "<group>"; };
		BB06E2D32897905D00172F1E /* Spacing.swift */ = {isa = PBXFileReference; lastKnownFileType = sourcecode.swift; path = Spacing.swift; sourceTree = "<group>"; };
		BB4E369628BF2529002C27A7 /* DataType.swift */ = {isa = PBXFileReference; lastKnownFileType = sourcecode.swift; path = DataType.swift; sourceTree = "<group>"; };
		BB4E369828BF29CB002C27A7 /* ImagePathInfo.swift */ = {isa = PBXFileReference; lastKnownFileType = sourcecode.swift; path = ImagePathInfo.swift; sourceTree = "<group>"; };
		BB4E369B28BF2E47002C27A7 /* NetworkManager.swift */ = {isa = PBXFileReference; lastKnownFileType = sourcecode.swift; path = NetworkManager.swift; sourceTree = "<group>"; };
		BB61DF0B28A0F52C006F2E63 /* StandardNSObject.swift */ = {isa = PBXFileReference; lastKnownFileType = sourcecode.swift; path = StandardNSObject.swift; sourceTree = "<group>"; };
		BB61DF1228A3D811006F2E63 /* UIFont.swift */ = {isa = PBXFileReference; lastKnownFileType = sourcecode.swift; path = UIFont.swift; sourceTree = "<group>"; };
		BB61DF1528A3DC09006F2E63 /* RadioButtonView.swift */ = {isa = PBXFileReference; lastKnownFileType = sourcecode.swift; path = RadioButtonView.swift; sourceTree = "<group>"; };
		BB61DF1A28A3EAA7006F2E63 /* ShowHideView.swift */ = {isa = PBXFileReference; lastKnownFileType = sourcecode.swift; path = ShowHideView.swift; sourceTree = "<group>"; };
		BB61DF1D28A41EC9006F2E63 /* SectionView.swift */ = {isa = PBXFileReference; lastKnownFileType = sourcecode.swift; path = SectionView.swift; sourceTree = "<group>"; };
		BB61DF2328A75CE4006F2E63 /* NetworkServiceConfigProtocol.swift */ = {isa = PBXFileReference; lastKnownFileType = sourcecode.swift; path = NetworkServiceConfigProtocol.swift; sourceTree = "<group>"; };
		BB61DF2528A75F08006F2E63 /* NetworkServiceConfig.swift */ = {isa = PBXFileReference; lastKnownFileType = sourcecode.swift; path = NetworkServiceConfig.swift; sourceTree = "<group>"; };
		BB61DF2728B07407006F2E63 /* NetworkServiceProtocol.swift */ = {isa = PBXFileReference; lastKnownFileType = sourcecode.swift; path = NetworkServiceProtocol.swift; sourceTree = "<group>"; };
		BB61DF2928B07439006F2E63 /* NetworkRequestInfo.swift */ = {isa = PBXFileReference; lastKnownFileType = sourcecode.swift; path = NetworkRequestInfo.swift; sourceTree = "<group>"; };
		BB61DF2B28B074D9006F2E63 /* NetworkHTTPMethod.swift */ = {isa = PBXFileReference; lastKnownFileType = sourcecode.swift; path = NetworkHTTPMethod.swift; sourceTree = "<group>"; };
		BB68DDB02A2502C60095AFD8 /* SourceSansPro-Bold.otf */ = {isa = PBXFileReference; lastKnownFileType = file; path = "SourceSansPro-Bold.otf"; sourceTree = "<group>"; };
		BB68DDB12A2502C60095AFD8 /* SourceSansPro-Regular.otf */ = {isa = PBXFileReference; lastKnownFileType = file; path = "SourceSansPro-Regular.otf"; sourceTree = "<group>"; };
		BB68DDB22A2502C60095AFD8 /* SourceSansPro-ExtraLight.otf */ = {isa = PBXFileReference; lastKnownFileType = file; path = "SourceSansPro-ExtraLight.otf"; sourceTree = "<group>"; };
		BB68DDB32A2502C60095AFD8 /* SourceSansPro-SemiboldIt.otf */ = {isa = PBXFileReference; lastKnownFileType = file; path = "SourceSansPro-SemiboldIt.otf"; sourceTree = "<group>"; };
		BB68DDB42A2502C60095AFD8 /* SourceSansPro-LightIt.otf */ = {isa = PBXFileReference; lastKnownFileType = file; path = "SourceSansPro-LightIt.otf"; sourceTree = "<group>"; };
		BB68DDB52A2502C60095AFD8 /* SourceSansPro-Light.otf */ = {isa = PBXFileReference; lastKnownFileType = file; path = "SourceSansPro-Light.otf"; sourceTree = "<group>"; };
		BB68DDB62A2502C60095AFD8 /* SourceSansPro-BlackIt.otf */ = {isa = PBXFileReference; lastKnownFileType = file; path = "SourceSansPro-BlackIt.otf"; sourceTree = "<group>"; };
		BB68DDB72A2502C60095AFD8 /* SourceSansPro-ExtraLightIt.otf */ = {isa = PBXFileReference; lastKnownFileType = file; path = "SourceSansPro-ExtraLightIt.otf"; sourceTree = "<group>"; };
		BB68DDB82A2502C60095AFD8 /* SourceSansPro-BoldIt.otf */ = {isa = PBXFileReference; lastKnownFileType = file; path = "SourceSansPro-BoldIt.otf"; sourceTree = "<group>"; };
		BB68DDB92A2502C60095AFD8 /* SourceSansPro-Semibold.otf */ = {isa = PBXFileReference; lastKnownFileType = file; path = "SourceSansPro-Semibold.otf"; sourceTree = "<group>"; };
		BB68DDBA2A2502C70095AFD8 /* SourceSansPro-Black.otf */ = {isa = PBXFileReference; lastKnownFileType = file; path = "SourceSansPro-Black.otf"; sourceTree = "<group>"; };
		BB68DDBB2A2502C70095AFD8 /* SourceSansPro-It.otf */ = {isa = PBXFileReference; lastKnownFileType = file; path = "SourceSansPro-It.otf"; sourceTree = "<group>"; };
		BB769EE92902B6DC000D5F1D /* DispatchQueue.swift */ = {isa = PBXFileReference; lastKnownFileType = sourcecode.swift; path = DispatchQueue.swift; sourceTree = "<group>"; };
		BB769EEC2902B78F000D5F1D /* Configuration.swift */ = {isa = PBXFileReference; lastKnownFileType = sourcecode.swift; path = Configuration.swift; sourceTree = "<group>"; };
		BB769EEE2902B7A8000D5F1D /* Constant.swift */ = {isa = PBXFileReference; lastKnownFileType = sourcecode.swift; path = Constant.swift; sourceTree = "<group>"; };
		BB769EF02902B8B2000D5F1D /* EnvironmentConfiguration.swift */ = {isa = PBXFileReference; lastKnownFileType = sourcecode.swift; path = EnvironmentConfiguration.swift; sourceTree = "<group>"; };
		BB769EF22902BB71000D5F1D /* DevelopmentEnvironmentConfiguration.swift */ = {isa = PBXFileReference; lastKnownFileType = sourcecode.swift; path = DevelopmentEnvironmentConfiguration.swift; sourceTree = "<group>"; };
		BB769EF42902BB80000D5F1D /* ProductionEnvironmentConfiguration.swift */ = {isa = PBXFileReference; lastKnownFileType = sourcecode.swift; path = ProductionEnvironmentConfiguration.swift; sourceTree = "<group>"; };
		BB809BD129069F8900D123CD /* AlamofireNetworkService.swift */ = {isa = PBXFileReference; lastKnownFileType = sourcecode.swift; path = AlamofireNetworkService.swift; sourceTree = "<group>"; };
		BB809BD82906AB1900D123CD /* AlamofireServiceConfig.swift */ = {isa = PBXFileReference; lastKnownFileType = sourcecode.swift; path = AlamofireServiceConfig.swift; sourceTree = "<group>"; };
		BB809BDC2907C2E300D123CD /* String.swift */ = {isa = PBXFileReference; lastKnownFileType = sourcecode.swift; path = String.swift; sourceTree = "<group>"; };
		BB809BDE2907D44200D123CD /* NetworkManagerUtilities.swift */ = {isa = PBXFileReference; lastKnownFileType = sourcecode.swift; path = NetworkManagerUtilities.swift; sourceTree = "<group>"; };
		BB809BE0290BD72600D123CD /* APIServiceManager.swift */ = {isa = PBXFileReference; lastKnownFileType = sourcecode.swift; path = APIServiceManager.swift; sourceTree = "<group>"; };
		BB95AC642905C18200F4653E /* Dictionary.swift */ = {isa = PBXFileReference; lastKnownFileType = sourcecode.swift; path = Dictionary.swift; sourceTree = "<group>"; };
		BB95AC662905C1AA00F4653E /* Data.swift */ = {isa = PBXFileReference; lastKnownFileType = sourcecode.swift; path = Data.swift; sourceTree = "<group>"; };
		BBA8DE19292722D200BD9E45 /* LSLocationManager.swift */ = {isa = PBXFileReference; lastKnownFileType = sourcecode.swift; path = LSLocationManager.swift; sourceTree = "<group>"; };
		BBA8DE1C292724C700BD9E45 /* UrlRoute.swift */ = {isa = PBXFileReference; fileEncoding = 4; lastKnownFileType = sourcecode.swift; path = UrlRoute.swift; sourceTree = "<group>"; };
		BBA8DE1E292724C700BD9E45 /* NSString+MD5Addition.m */ = {isa = PBXFileReference; fileEncoding = 4; lastKnownFileType = sourcecode.c.objc; path = "NSString+MD5Addition.m"; sourceTree = "<group>"; };
		BBA8DE1F292724C700BD9E45 /* DeviceUID.h */ = {isa = PBXFileReference; fileEncoding = 4; lastKnownFileType = sourcecode.c.h; path = DeviceUID.h; sourceTree = "<group>"; };
		BBA8DE20292724C700BD9E45 /* NSString+MD5Addition.h */ = {isa = PBXFileReference; fileEncoding = 4; lastKnownFileType = sourcecode.c.h; path = "NSString+MD5Addition.h"; sourceTree = "<group>"; };
		BBA8DE21292724C700BD9E45 /* DeviceUID.m */ = {isa = PBXFileReference; fileEncoding = 4; lastKnownFileType = sourcecode.c.objc; path = DeviceUID.m; sourceTree = "<group>"; };
		BBA8DE22292724C700BD9E45 /* UrlPattern.swift */ = {isa = PBXFileReference; fileEncoding = 4; lastKnownFileType = sourcecode.swift; path = UrlPattern.swift; sourceTree = "<group>"; };
		BBA8DE23292724C800BD9E45 /* String+Extension.swift */ = {isa = PBXFileReference; fileEncoding = 4; lastKnownFileType = sourcecode.swift; path = "String+Extension.swift"; sourceTree = "<group>"; };
		BBA8DE25292724C800BD9E45 /* InfiniteScrollView.swift */ = {isa = PBXFileReference; fileEncoding = 4; lastKnownFileType = sourcecode.swift; path = InfiniteScrollView.swift; sourceTree = "<group>"; };
		BBA8DE26292724C800BD9E45 /* UrlRouted.swift */ = {isa = PBXFileReference; fileEncoding = 4; lastKnownFileType = sourcecode.swift; path = UrlRouted.swift; sourceTree = "<group>"; };
		BBA8DE28292724C800BD9E45 /* ListTransform.swift */ = {isa = PBXFileReference; fileEncoding = 4; lastKnownFileType = sourcecode.swift; path = ListTransform.swift; sourceTree = "<group>"; };
		BBA8DE2B292724C800BD9E45 /* UrlRouter.swift */ = {isa = PBXFileReference; fileEncoding = 4; lastKnownFileType = sourcecode.swift; path = UrlRouter.swift; sourceTree = "<group>"; };
		BBA8DE3A2927258D00BD9E45 /* MotionKit.swift */ = {isa = PBXFileReference; fileEncoding = 4; lastKnownFileType = sourcecode.swift; path = MotionKit.swift; sourceTree = "<group>"; };
		BBA8DE3E29272C5F00BD9E45 /* ArrayExtension.swift */ = {isa = PBXFileReference; lastKnownFileType = sourcecode.swift; path = ArrayExtension.swift; sourceTree = "<group>"; };
		BBA8DE4229272D4500BD9E45 /* ObservableArray.swift */ = {isa = PBXFileReference; lastKnownFileType = sourcecode.swift; path = ObservableArray.swift; sourceTree = "<group>"; };
		BBAD30FE2A73D8530082247B /* UserDefaults.swift */ = {isa = PBXFileReference; lastKnownFileType = sourcecode.swift; path = UserDefaults.swift; sourceTree = "<group>"; };
		BBAD31002A73E33D0082247B /* TypeAliasList.swift */ = {isa = PBXFileReference; lastKnownFileType = sourcecode.swift; path = TypeAliasList.swift; sourceTree = "<group>"; };
		BBAD31022A73F2570082247B /* APIPath.swift */ = {isa = PBXFileReference; lastKnownFileType = sourcecode.swift; path = APIPath.swift; sourceTree = "<group>"; };
		BBAD31062A7400CA0082247B /* SmartObservable.swift */ = {isa = PBXFileReference; lastKnownFileType = sourcecode.swift; path = SmartObservable.swift; sourceTree = "<group>"; };
		BBAD310A2A7405F70082247B /* SampleMappable.swift */ = {isa = PBXFileReference; lastKnownFileType = sourcecode.swift; path = SampleMappable.swift; sourceTree = "<group>"; };
		BBAD310C2A74AFBD0082247B /* SmartLocalObservable.swift */ = {isa = PBXFileReference; lastKnownFileType = sourcecode.swift; path = SmartLocalObservable.swift; sourceTree = "<group>"; };
		BBAD310E2A74B83A0082247B /* SmartObservableProtocol.swift */ = {isa = PBXFileReference; lastKnownFileType = sourcecode.swift; path = SmartObservableProtocol.swift; sourceTree = "<group>"; };
		BBAD31102A74D24D0082247B /* Realm.swift */ = {isa = PBXFileReference; lastKnownFileType = sourcecode.swift; path = Realm.swift; sourceTree = "<group>"; };
		BBAD31122A74D5BB0082247B /* SampleObject.swift */ = {isa = PBXFileReference; lastKnownFileType = sourcecode.swift; path = SampleObject.swift; sourceTree = "<group>"; };
		BBAD31162A76279E0082247B /* SmartLocalObservableList.swift */ = {isa = PBXFileReference; lastKnownFileType = sourcecode.swift; path = SmartLocalObservableList.swift; sourceTree = "<group>"; };
		BBAD311B2A7BB3070082247B /* SampleViewProtocol.swift */ = {isa = PBXFileReference; lastKnownFileType = sourcecode.swift; path = SampleViewProtocol.swift; sourceTree = "<group>"; };
		BBAD311D2A7BB3180082247B /* LoadingRequestCounter.swift */ = {isa = PBXFileReference; lastKnownFileType = sourcecode.swift; path = LoadingRequestCounter.swift; sourceTree = "<group>"; };
		BBAD311F2A7BB62A0082247B /* SampleWireFrameProtocol.swift */ = {isa = PBXFileReference; lastKnownFileType = sourcecode.swift; path = SampleWireFrameProtocol.swift; sourceTree = "<group>"; };
		BBAD31212A7BB6EB0082247B /* SampleWireFrame.swift */ = {isa = PBXFileReference; lastKnownFileType = sourcecode.swift; path = SampleWireFrame.swift; sourceTree = "<group>"; };
		BBAD31232A7BB88D0082247B /* SamplePresenterProtocol.swift */ = {isa = PBXFileReference; lastKnownFileType = sourcecode.swift; path = SamplePresenterProtocol.swift; sourceTree = "<group>"; };
		BBAD31252A7BB8950082247B /* SamplePresenter.swift */ = {isa = PBXFileReference; lastKnownFileType = sourcecode.swift; path = SamplePresenter.swift; sourceTree = "<group>"; };
		BBAD31292A7BDBA50082247B /* Init.storyboard */ = {isa = PBXFileReference; lastKnownFileType = file.storyboard; path = Init.storyboard; sourceTree = "<group>"; };
		BBAD312B2A7BDC480082247B /* InitViewController.swift */ = {isa = PBXFileReference; lastKnownFileType = sourcecode.swift; path = InitViewController.swift; sourceTree = "<group>"; };
		BBAD312D2A7BDD4E0082247B /* UtilityRouter.swift */ = {isa = PBXFileReference; lastKnownFileType = sourcecode.swift; path = UtilityRouter.swift; sourceTree = "<group>"; };
		BBAEE5042A8B347100BE47F7 /* TableView.swift */ = {isa = PBXFileReference; lastKnownFileType = sourcecode.swift; path = TableView.swift; sourceTree = "<group>"; };
		BBAEE5062A8B767F00BE47F7 /* TableViewCell.swift */ = {isa = PBXFileReference; lastKnownFileType = sourcecode.swift; path = TableViewCell.swift; sourceTree = "<group>"; };
		BBAEE50A2A8B78FD00BE47F7 /* NameTableViewCell.swift */ = {isa = PBXFileReference; lastKnownFileType = sourcecode.swift; path = NameTableViewCell.swift; sourceTree = "<group>"; };
		BBAEE50C2A8B7CCB00BE47F7 /* UILabel.swift */ = {isa = PBXFileReference; lastKnownFileType = sourcecode.swift; path = UILabel.swift; sourceTree = "<group>"; };
		BBAEE50E2A8B837300BE47F7 /* UIScrollView.swift */ = {isa = PBXFileReference; lastKnownFileType = sourcecode.swift; path = UIScrollView.swift; sourceTree = "<group>"; };
		BBAEE5142A8B84F000BE47F7 /* UITableView.swift */ = {isa = PBXFileReference; lastKnownFileType = sourcecode.swift; path = UITableView.swift; sourceTree = "<group>"; };
		BBAEE5162A8B85E500BE47F7 /* SampleListViewController.swift */ = {isa = PBXFileReference; lastKnownFileType = sourcecode.swift; path = SampleListViewController.swift; sourceTree = "<group>"; };
		BBAEE5182A8B85F300BE47F7 /* SampleList.storyboard */ = {isa = PBXFileReference; lastKnownFileType = file.storyboard; path = SampleList.storyboard; sourceTree = "<group>"; };
		BBAEE51A2A8B85FC00BE47F7 /* SampleListViewProtocol.swift */ = {isa = PBXFileReference; lastKnownFileType = sourcecode.swift; path = SampleListViewProtocol.swift; sourceTree = "<group>"; };
		BBAEE51C2A8B865800BE47F7 /* SampleListPresenterProtocol.swift */ = {isa = PBXFileReference; lastKnownFileType = sourcecode.swift; path = SampleListPresenterProtocol.swift; sourceTree = "<group>"; };
		BBAEE51E2A8B865E00BE47F7 /* SampleListPresenter.swift */ = {isa = PBXFileReference; lastKnownFileType = sourcecode.swift; path = SampleListPresenter.swift; sourceTree = "<group>"; };
		BBAEE5202A8B86AE00BE47F7 /* SampleListWireFrameProtocol.swift */ = {isa = PBXFileReference; lastKnownFileType = sourcecode.swift; path = SampleListWireFrameProtocol.swift; sourceTree = "<group>"; };
		BBAEE5222A8B86B400BE47F7 /* SampleListWireFrame.swift */ = {isa = PBXFileReference; lastKnownFileType = sourcecode.swift; path = SampleListWireFrame.swift; sourceTree = "<group>"; };
		BBC047DB2A91A99900C01289 /* GoogleService-Info.plist */ = {isa = PBXFileReference; fileEncoding = 4; lastKnownFileType = text.plist.xml; path = "GoogleService-Info.plist"; sourceTree = "<group>"; };
		BBD85F6A29516EDE0019AD4D /* TestObject.swift */ = {isa = PBXFileReference; lastKnownFileType = sourcecode.swift; path = TestObject.swift; sourceTree = "<group>"; };
		BBD85F6C295462690019AD4D /* GlobalStatusVariable.swift */ = {isa = PBXFileReference; lastKnownFileType = sourcecode.swift; path = GlobalStatusVariable.swift; sourceTree = "<group>"; };
		BBD85F6F295463020019AD4D /* NSBundle+Language.h */ = {isa = PBXFileReference; fileEncoding = 4; lastKnownFileType = sourcecode.c.h; path = "NSBundle+Language.h"; sourceTree = "<group>"; };
		BBD85F70295463020019AD4D /* NSBundle+Language.m */ = {isa = PBXFileReference; fileEncoding = 4; lastKnownFileType = sourcecode.c.objc; path = "NSBundle+Language.m"; sourceTree = "<group>"; };
		BBD85F72295465990019AD4D /* frameproject-Bridging-Header.h */ = {isa = PBXFileReference; lastKnownFileType = sourcecode.c.h; path = "frameproject-Bridging-Header.h"; sourceTree = "<group>"; };
		BBD85F73295467360019AD4D /* Utils.swift */ = {isa = PBXFileReference; lastKnownFileType = sourcecode.swift; path = Utils.swift; sourceTree = "<group>"; };
		BBD85F752954686C0019AD4D /* AuthenticationService.swift */ = {isa = PBXFileReference; lastKnownFileType = sourcecode.swift; path = AuthenticationService.swift; sourceTree = "<group>"; };
		BBE4B86F28B0F54E00ADDC4C /* NetworkingParam.swift */ = {isa = PBXFileReference; lastKnownFileType = sourcecode.swift; path = NetworkingParam.swift; sourceTree = "<group>"; };
		BBE4B87228B0F63C00ADDC4C /* ErrorData.swift */ = {isa = PBXFileReference; lastKnownFileType = sourcecode.swift; path = ErrorData.swift; sourceTree = "<group>"; };
		BBE4B87428B101CE00ADDC4C /* ResponseData.swift */ = {isa = PBXFileReference; lastKnownFileType = sourcecode.swift; path = ResponseData.swift; sourceTree = "<group>"; };
		BBE4B87628B1039200ADDC4C /* NetworkUtility.swift */ = {isa = PBXFileReference; lastKnownFileType = sourcecode.swift; path = NetworkUtility.swift; sourceTree = "<group>"; };
		BBFB0C3E29696AB3005EF628 /* Observer.swift */ = {isa = PBXFileReference; lastKnownFileType = sourcecode.swift; path = Observer.swift; sourceTree = "<group>"; };
		BBFB0C4029696D57005EF628 /* ObservingBlockInfo.swift */ = {isa = PBXFileReference; lastKnownFileType = sourcecode.swift; path = ObservingBlockInfo.swift; sourceTree = "<group>"; };
		BBFB0C4229696E3D005EF628 /* ObservingActionInfo.swift */ = {isa = PBXFileReference; lastKnownFileType = sourcecode.swift; path = ObservingActionInfo.swift; sourceTree = "<group>"; };
/* End PBXFileReference section */

/* Begin PBXFrameworksBuildPhase section */
		BB06E26A2893D10200172F1E /* Frameworks */ = {
			isa = PBXFrameworksBuildPhase;
			buildActionMask = 2147483647;
			files = (
				968D2FD60FF73111722A446D /* Pods_frameproject.framework in Frameworks */,
			);
			runOnlyForDeploymentPostprocessing = 0;
		};
		BB06E2802893D10200172F1E /* Frameworks */ = {
			isa = PBXFrameworksBuildPhase;
			buildActionMask = 2147483647;
			files = (
			);
			runOnlyForDeploymentPostprocessing = 0;
		};
		BB06E28A2893D10200172F1E /* Frameworks */ = {
			isa = PBXFrameworksBuildPhase;
			buildActionMask = 2147483647;
			files = (
			);
			runOnlyForDeploymentPostprocessing = 0;
		};
/* End PBXFrameworksBuildPhase section */

/* Begin PBXGroup section */
		873B13E26F35AF9374CC2F3C /* Pods */ = {
			isa = PBXGroup;
			children = (
				2B1001D664A03BA3FA8131DB /* Pods-frameproject.debug.xcconfig */,
				B88C784D9DD124BFE6D884E7 /* Pods-frameproject.release.xcconfig */,
			);
			path = Pods;
			sourceTree = "<group>";
		};
		BB06E2642893D10200172F1E = {
			isa = PBXGroup;
			children = (
				BB06E26F2893D10200172F1E /* frameproject */,
				BB06E2862893D10200172F1E /* frameprojectTests */,
				BB06E2902893D10200172F1E /* frameprojectUITests */,
				BB06E26E2893D10200172F1E /* Products */,
				873B13E26F35AF9374CC2F3C /* Pods */,
				DFBA0DCCE3B6E72854B70BA5 /* Frameworks */,
			);
			sourceTree = "<group>";
		};
		BB06E26E2893D10200172F1E /* Products */ = {
			isa = PBXGroup;
			children = (
				BB06E26D2893D10200172F1E /* frameproject.app */,
				BB06E2832893D10200172F1E /* frameprojectTests.xctest */,
				BB06E28D2893D10200172F1E /* frameprojectUITests.xctest */,
			);
			name = Products;
			sourceTree = "<group>";
		};
		BB06E26F2893D10200172F1E /* frameproject */ = {
			isa = PBXGroup;
			children = (
				BBC047DB2A91A99900C01289 /* GoogleService-Info.plist */,
				BBAD31272A7BDA5E0082247B /* Init */,
				BB68DDAD2A2502810095AFD8 /* Resources */,
				BBA8DE1B2927247000BD9E45 /* CustomFrameworks */,
				BBA8DE18292722C600BD9E45 /* Service */,
				BB769EEB2902B767000D5F1D /* Config */,
				BBE4B87128B0F5DE00ADDC4C /* APIServiceManager */,
				BB06E2B128951B9C00172F1E /* DesignSystem */,
				BB06E2AE28951A5800172F1E /* Standardize */,
				BB06E2AB289518F300172F1E /* Model */,
				BB06E2A62893D6DD00172F1E /* Utility */,
				BB06E2A52893D1AE00172F1E /* Extensions */,
				BB06E2A42893D1A200172F1E /* View */,
				BB06E2A32893D18600172F1E /* Screen */,
				BB06E2A22893D17300172F1E /* Repository */,
				BB06E2A12893D16400172F1E /* Entity */,
				BB06E2A02893D15100172F1E /* Networking */,
				BB06E2702893D10200172F1E /* AppDelegate.swift */,
				BB06E2762893D10200172F1E /* Main.storyboard */,
				BB06E2792893D10200172F1E /* Assets.xcassets */,
				BB06E27B2893D10200172F1E /* LaunchScreen.storyboard */,
				BB06E27E2893D10200172F1E /* Info.plist */,
				BBD85F72295465990019AD4D /* frameproject-Bridging-Header.h */,
			);
			path = frameproject;
			sourceTree = "<group>";
		};
		BB06E2862893D10200172F1E /* frameprojectTests */ = {
			isa = PBXGroup;
			children = (
				BB06E2872893D10200172F1E /* frameprojectTests.swift */,
			);
			path = frameprojectTests;
			sourceTree = "<group>";
		};
		BB06E2902893D10200172F1E /* frameprojectUITests */ = {
			isa = PBXGroup;
			children = (
				BB06E2912893D10200172F1E /* frameprojectUITests.swift */,
				BB06E2932893D10200172F1E /* frameprojectUITestsLaunchTests.swift */,
			);
			path = frameprojectUITests;
			sourceTree = "<group>";
		};
		BB06E2A02893D15100172F1E /* Networking */ = {
			isa = PBXGroup;
			children = (
				BB809BD72906AAF800D123CD /* AlamofireLib */,
				BB4E369A28BF2A78002C27A7 /* SocketService */,
				BB61DF2328A75CE4006F2E63 /* NetworkServiceConfigProtocol.swift */,
				BB61DF2528A75F08006F2E63 /* NetworkServiceConfig.swift */,
				BB61DF2728B07407006F2E63 /* NetworkServiceProtocol.swift */,
				BB61DF2928B07439006F2E63 /* NetworkRequestInfo.swift */,
				BB61DF2B28B074D9006F2E63 /* NetworkHTTPMethod.swift */,
				BBE4B86F28B0F54E00ADDC4C /* NetworkingParam.swift */,
				BBE4B87228B0F63C00ADDC4C /* ErrorData.swift */,
				BBE4B87428B101CE00ADDC4C /* ResponseData.swift */,
				BBE4B87628B1039200ADDC4C /* NetworkUtility.swift */,
				BB4E369628BF2529002C27A7 /* DataType.swift */,
				BB4E369828BF29CB002C27A7 /* ImagePathInfo.swift */,
				BB4E369B28BF2E47002C27A7 /* NetworkManager.swift */,
				BB809BDE2907D44200D123CD /* NetworkManagerUtilities.swift */,
			);
			path = Networking;
			sourceTree = "<group>";
		};
		BB06E2A12893D16400172F1E /* Entity */ = {
			isa = PBXGroup;
			children = (
			);
			path = Entity;
			sourceTree = "<group>";
		};
		BB06E2A22893D17300172F1E /* Repository */ = {
			isa = PBXGroup;
			children = (
			);
			path = Repository;
			sourceTree = "<group>";
		};
		BB06E2A32893D18600172F1E /* Screen */ = {
			isa = PBXGroup;
			children = (
				BBAEE5082A8B785F00BE47F7 /* SampleList */,
				BB06E2B62895307800172F1E /* Sample */,
			);
			path = Screen;
			sourceTree = "<group>";
		};
		BB06E2A42893D1A200172F1E /* View */ = {
			isa = PBXGroup;
			children = (
				BB06E2D02896322F00172F1E /* DesignSystemView */,
			);
			path = View;
			sourceTree = "<group>";
		};
		BB06E2A52893D1AE00172F1E /* Extensions */ = {
			isa = PBXGroup;
			children = (
				BB06E2C02895845700172F1E /* UIView.swift */,
				BB06E2C428958A0700172F1E /* UIColor.swift */,
				BB61DF1228A3D811006F2E63 /* UIFont.swift */,
				BB769EE92902B6DC000D5F1D /* DispatchQueue.swift */,
				BB95AC642905C18200F4653E /* Dictionary.swift */,
				BB95AC662905C1AA00F4653E /* Data.swift */,
				BB809BDC2907C2E300D123CD /* String.swift */,
				BBA8DE3E29272C5F00BD9E45 /* ArrayExtension.swift */,
				BBAD30FE2A73D8530082247B /* UserDefaults.swift */,
				BBAD31102A74D24D0082247B /* Realm.swift */,
				BBAEE50C2A8B7CCB00BE47F7 /* UILabel.swift */,
				BBAEE50E2A8B837300BE47F7 /* UIScrollView.swift */,
				BBAEE5142A8B84F000BE47F7 /* UITableView.swift */,
			);
			path = Extensions;
			sourceTree = "<group>";
		};
		BB06E2A62893D6DD00172F1E /* Utility */ = {
			isa = PBXGroup;
			children = (
				BBD85F6E295462CE0019AD4D /* NSBundle+Language */,
				BB06E2A72893D6ED00172F1E /* Debugger.swift */,
				BB06E2AF28951AAE00172F1E /* ViewUtility.swift */,
				BBD85F73295467360019AD4D /* Utils.swift */,
			);
			path = Utility;
			sourceTree = "<group>";
		};
		BB06E2AB289518F300172F1E /* Model */ = {
			isa = PBXGroup;
			children = (
				BB06E2B42895300600172F1E /* SampleNSObjectClass.swift */,
				BBD85F6A29516EDE0019AD4D /* TestObject.swift */,
				BBAD310A2A7405F70082247B /* SampleMappable.swift */,
				BBAD31122A74D5BB0082247B /* SampleObject.swift */,
			);
			path = Model;
			sourceTree = "<group>";
		};
		BB06E2AE28951A5800172F1E /* Standardize */ = {
			isa = PBXGroup;
			children = (
				BB06E2742893D10200172F1E /* ViewController.swift */,
				BB06E2BC28956E9B00172F1E /* View.swift */,
				BB06E2D12896324D00172F1E /* DesignSystemView.swift */,
				BB61DF0B28A0F52C006F2E63 /* StandardNSObject.swift */,
				BB61DF1A28A3EAA7006F2E63 /* ShowHideView.swift */,
				BBA8DE4229272D4500BD9E45 /* ObservableArray.swift */,
				BBFB0C3E29696AB3005EF628 /* Observer.swift */,
				BB06E2AC2895190D00172F1E /* ObservingInfo.swift */,
				BB06E2B2289528CB00172F1E /* ObservingSelectorInfo.swift */,
				BBFB0C4029696D57005EF628 /* ObservingBlockInfo.swift */,
				BBFB0C4229696E3D005EF628 /* ObservingActionInfo.swift */,
				BBAD31002A73E33D0082247B /* TypeAliasList.swift */,
				BBAD310E2A74B83A0082247B /* SmartObservableProtocol.swift */,
				BBAD31062A7400CA0082247B /* SmartObservable.swift */,
				BBAD310C2A74AFBD0082247B /* SmartLocalObservable.swift */,
				BBAD31162A76279E0082247B /* SmartLocalObservableList.swift */,
				BBAD311D2A7BB3180082247B /* LoadingRequestCounter.swift */,
				BBAD312D2A7BDD4E0082247B /* UtilityRouter.swift */,
				BBAEE5042A8B347100BE47F7 /* TableView.swift */,
				BBAEE5062A8B767F00BE47F7 /* TableViewCell.swift */,
			);
			path = Standardize;
			sourceTree = "<group>";
		};
		BB06E2B128951B9C00172F1E /* DesignSystem */ = {
			isa = PBXGroup;
			children = (
				BB06E2C22895887F00172F1E /* DesignSystem.swift */,
				BB06E2C628958A5600172F1E /* Corner.swift */,
				BB06E2C828958A8300172F1E /* Color.swift */,
				BB06E2CA28958C3900172F1E /* Icon.swift */,
				BB06E2CE28958CC500172F1E /* Font.swift */,
				BB06E2D32897905D00172F1E /* Spacing.swift */,
			);
			path = DesignSystem;
			sourceTree = "<group>";
		};
		BB06E2B62895307800172F1E /* Sample */ = {
			isa = PBXGroup;
			children = (
				BBAD311A2A7BB2F60082247B /* Presenter */,
				BBAD31192A7BB2EB0082247B /* WireFrame */,
				BB06E2B72895307D00172F1E /* View */,
			);
			path = Sample;
			sourceTree = "<group>";
		};
		BB06E2B72895307D00172F1E /* View */ = {
			isa = PBXGroup;
			children = (
				BB06E2B8289530A000172F1E /* SampleViewController.swift */,
				BB06E2BA2895342200172F1E /* Sample.storyboard */,
				BBAD311B2A7BB3070082247B /* SampleViewProtocol.swift */,
			);
			path = View;
			sourceTree = "<group>";
		};
		BB06E2D02896322F00172F1E /* DesignSystemView */ = {
			isa = PBXGroup;
			children = (
				BBAEE5092A8B78DB00BE47F7 /* NameTableViewCell */,
				BB61DF1C28A41EA0006F2E63 /* SectionView */,
				BB61DF1428A3DBEB006F2E63 /* RadioButtonView */,
			);
			path = DesignSystemView;
			sourceTree = "<group>";
		};
		BB4E369A28BF2A78002C27A7 /* SocketService */ = {
			isa = PBXGroup;
			children = (
			);
			path = SocketService;
			sourceTree = "<group>";
		};
		BB61DF1428A3DBEB006F2E63 /* RadioButtonView */ = {
			isa = PBXGroup;
			children = (
				BB61DF1528A3DC09006F2E63 /* RadioButtonView.swift */,
			);
			path = RadioButtonView;
			sourceTree = "<group>";
		};
		BB61DF1C28A41EA0006F2E63 /* SectionView */ = {
			isa = PBXGroup;
			children = (
				BB61DF1D28A41EC9006F2E63 /* SectionView.swift */,
			);
			path = SectionView;
			sourceTree = "<group>";
		};
		BB68DDAD2A2502810095AFD8 /* Resources */ = {
			isa = PBXGroup;
			children = (
				BB68DDAE2A2502940095AFD8 /* Font */,
			);
			path = Resources;
			sourceTree = "<group>";
		};
		BB68DDAE2A2502940095AFD8 /* Font */ = {
			isa = PBXGroup;
			children = (
				BB68DDAF2A25029C0095AFD8 /* Font */,
			);
			path = Font;
			sourceTree = "<group>";
		};
		BB68DDAF2A25029C0095AFD8 /* Font */ = {
			isa = PBXGroup;
			children = (
				BB68DDBA2A2502C70095AFD8 /* SourceSansPro-Black.otf */,
				BB68DDB62A2502C60095AFD8 /* SourceSansPro-BlackIt.otf */,
				BB68DDB02A2502C60095AFD8 /* SourceSansPro-Bold.otf */,
				BB68DDB82A2502C60095AFD8 /* SourceSansPro-BoldIt.otf */,
				BB68DDB22A2502C60095AFD8 /* SourceSansPro-ExtraLight.otf */,
				BB68DDB72A2502C60095AFD8 /* SourceSansPro-ExtraLightIt.otf */,
				BB68DDBB2A2502C70095AFD8 /* SourceSansPro-It.otf */,
				BB68DDB52A2502C60095AFD8 /* SourceSansPro-Light.otf */,
				BB68DDB42A2502C60095AFD8 /* SourceSansPro-LightIt.otf */,
				BB68DDB12A2502C60095AFD8 /* SourceSansPro-Regular.otf */,
				BB68DDB92A2502C60095AFD8 /* SourceSansPro-Semibold.otf */,
				BB68DDB32A2502C60095AFD8 /* SourceSansPro-SemiboldIt.otf */,
			);
			path = Font;
			sourceTree = "<group>";
		};
		BB769EEB2902B767000D5F1D /* Config */ = {
			isa = PBXGroup;
			children = (
				BB769EEC2902B78F000D5F1D /* Configuration.swift */,
				BB769EEE2902B7A8000D5F1D /* Constant.swift */,
				BB769EF02902B8B2000D5F1D /* EnvironmentConfiguration.swift */,
				BB769EF22902BB71000D5F1D /* DevelopmentEnvironmentConfiguration.swift */,
				BB769EF42902BB80000D5F1D /* ProductionEnvironmentConfiguration.swift */,
				BBD85F6C295462690019AD4D /* GlobalStatusVariable.swift */,
				BBD85F752954686C0019AD4D /* AuthenticationService.swift */,
			);
			path = Config;
			sourceTree = "<group>";
		};
		BB809BD72906AAF800D123CD /* AlamofireLib */ = {
			isa = PBXGroup;
			children = (
				BB809BD129069F8900D123CD /* AlamofireNetworkService.swift */,
				BB809BD82906AB1900D123CD /* AlamofireServiceConfig.swift */,
			);
			path = AlamofireLib;
			sourceTree = "<group>";
		};
		BBA8DE18292722C600BD9E45 /* Service */ = {
			isa = PBXGroup;
			children = (
				BBA8DE19292722D200BD9E45 /* LSLocationManager.swift */,
			);
			path = Service;
			sourceTree = "<group>";
		};
		BBA8DE1B2927247000BD9E45 /* CustomFrameworks */ = {
			isa = PBXGroup;
			children = (
				BBA8DE392927258D00BD9E45 /* MotionKit */,
				BBA8DE1D292724C700BD9E45 /* Identify */,
				BBA8DE24292724C800BD9E45 /* InfiniteScrollView */,
				BBA8DE27292724C800BD9E45 /* ObjectMapper+Realm */,
				BBA8DE23292724C800BD9E45 /* String+Extension.swift */,
				BBA8DE22292724C700BD9E45 /* UrlPattern.swift */,
				BBA8DE1C292724C700BD9E45 /* UrlRoute.swift */,
				BBA8DE26292724C800BD9E45 /* UrlRouted.swift */,
				BBA8DE2B292724C800BD9E45 /* UrlRouter.swift */,
			);
			path = CustomFrameworks;
			sourceTree = "<group>";
		};
		BBA8DE1D292724C700BD9E45 /* Identify */ = {
			isa = PBXGroup;
			children = (
				BBA8DE1E292724C700BD9E45 /* NSString+MD5Addition.m */,
				BBA8DE1F292724C700BD9E45 /* DeviceUID.h */,
				BBA8DE20292724C700BD9E45 /* NSString+MD5Addition.h */,
				BBA8DE21292724C700BD9E45 /* DeviceUID.m */,
			);
			path = Identify;
			sourceTree = "<group>";
		};
		BBA8DE24292724C800BD9E45 /* InfiniteScrollView */ = {
			isa = PBXGroup;
			children = (
				BBA8DE25292724C800BD9E45 /* InfiniteScrollView.swift */,
			);
			path = InfiniteScrollView;
			sourceTree = "<group>";
		};
		BBA8DE27292724C800BD9E45 /* ObjectMapper+Realm */ = {
			isa = PBXGroup;
			children = (
				BBA8DE28292724C800BD9E45 /* ListTransform.swift */,
			);
			path = "ObjectMapper+Realm";
			sourceTree = "<group>";
		};
		BBA8DE392927258D00BD9E45 /* MotionKit */ = {
			isa = PBXGroup;
			children = (
				BBA8DE3A2927258D00BD9E45 /* MotionKit.swift */,
			);
			path = MotionKit;
			sourceTree = "<group>";
		};
		BBAD31192A7BB2EB0082247B /* WireFrame */ = {
			isa = PBXGroup;
			children = (
				BBAD311F2A7BB62A0082247B /* SampleWireFrameProtocol.swift */,
				BBAD31212A7BB6EB0082247B /* SampleWireFrame.swift */,
			);
			path = WireFrame;
			sourceTree = "<group>";
		};
		BBAD311A2A7BB2F60082247B /* Presenter */ = {
			isa = PBXGroup;
			children = (
				BBAD31232A7BB88D0082247B /* SamplePresenterProtocol.swift */,
				BBAD31252A7BB8950082247B /* SamplePresenter.swift */,
			);
			path = Presenter;
			sourceTree = "<group>";
		};
		BBAD31272A7BDA5E0082247B /* Init */ = {
			isa = PBXGroup;
			children = (
				BBAD31292A7BDBA50082247B /* Init.storyboard */,
				BBAD312B2A7BDC480082247B /* InitViewController.swift */,
			);
			path = Init;
			sourceTree = "<group>";
		};
		BBAEE5082A8B785F00BE47F7 /* SampleList */ = {
			isa = PBXGroup;
			children = (
				BBAEE5132A8B847400BE47F7 /* Presenter */,
				BBAEE5122A8B846500BE47F7 /* WireFrame */,
				BBAEE5102A8B845500BE47F7 /* View */,
			);
			path = SampleList;
			sourceTree = "<group>";
		};
		BBAEE5092A8B78DB00BE47F7 /* NameTableViewCell */ = {
			isa = PBXGroup;
			children = (
				BBAEE50A2A8B78FD00BE47F7 /* NameTableViewCell.swift */,
			);
			path = NameTableViewCell;
			sourceTree = "<group>";
		};
		BBAEE5102A8B845500BE47F7 /* View */ = {
			isa = PBXGroup;
			children = (
				BBAEE5162A8B85E500BE47F7 /* SampleListViewController.swift */,
				BBAEE5182A8B85F300BE47F7 /* SampleList.storyboard */,
				BBAEE51A2A8B85FC00BE47F7 /* SampleListViewProtocol.swift */,
			);
			path = View;
			sourceTree = "<group>";
		};
		BBAEE5122A8B846500BE47F7 /* WireFrame */ = {
			isa = PBXGroup;
			children = (
				BBAEE5202A8B86AE00BE47F7 /* SampleListWireFrameProtocol.swift */,
				BBAEE5222A8B86B400BE47F7 /* SampleListWireFrame.swift */,
			);
			path = WireFrame;
			sourceTree = "<group>";
		};
		BBAEE5132A8B847400BE47F7 /* Presenter */ = {
			isa = PBXGroup;
			children = (
				BBAEE51C2A8B865800BE47F7 /* SampleListPresenterProtocol.swift */,
				BBAEE51E2A8B865E00BE47F7 /* SampleListPresenter.swift */,
			);
			path = Presenter;
			sourceTree = "<group>";
		};
		BBD85F6E295462CE0019AD4D /* NSBundle+Language */ = {
			isa = PBXGroup;
			children = (
				BBD85F6F295463020019AD4D /* NSBundle+Language.h */,
				BBD85F70295463020019AD4D /* NSBundle+Language.m */,
			);
			path = "NSBundle+Language";
			sourceTree = "<group>";
		};
		BBE4B87128B0F5DE00ADDC4C /* APIServiceManager */ = {
			isa = PBXGroup;
			children = (
				BB809BE0290BD72600D123CD /* APIServiceManager.swift */,
				BBAD31022A73F2570082247B /* APIPath.swift */,
			);
			path = APIServiceManager;
			sourceTree = "<group>";
		};
		DFBA0DCCE3B6E72854B70BA5 /* Frameworks */ = {
			isa = PBXGroup;
			children = (
				6F2D57B8AB078963692EAE8D /* Pods_frameproject.framework */,
			);
			name = Frameworks;
			sourceTree = "<group>";
		};
/* End PBXGroup section */

/* Begin PBXNativeTarget section */
		BB06E26C2893D10200172F1E /* frameproject */ = {
			isa = PBXNativeTarget;
			buildConfigurationList = BB06E2972893D10200172F1E /* Build configuration list for PBXNativeTarget "frameproject" */;
			buildPhases = (
				6CEA10DC8D5EE69AF15C7609 /* [CP] Check Pods Manifest.lock */,
				BB06E2692893D10200172F1E /* Sources */,
				BB06E26A2893D10200172F1E /* Frameworks */,
				BB06E26B2893D10200172F1E /* Resources */,
				A9F5A65F70D79298AF04FCE4 /* [CP] Embed Pods Frameworks */,
				BBAEE5252A8F33C300BE47F7 /* ShellScript */,
			);
			buildRules = (
			);
			dependencies = (
			);
			name = frameproject;
			productName = frameproject;
			productReference = BB06E26D2893D10200172F1E /* frameproject.app */;
			productType = "com.apple.product-type.application";
		};
		BB06E2822893D10200172F1E /* frameprojectTests */ = {
			isa = PBXNativeTarget;
			buildConfigurationList = BB06E29A2893D10200172F1E /* Build configuration list for PBXNativeTarget "frameprojectTests" */;
			buildPhases = (
				BB06E27F2893D10200172F1E /* Sources */,
				BB06E2802893D10200172F1E /* Frameworks */,
				BB06E2812893D10200172F1E /* Resources */,
			);
			buildRules = (
			);
			dependencies = (
				BB06E2852893D10200172F1E /* PBXTargetDependency */,
			);
			name = frameprojectTests;
			productName = frameprojectTests;
			productReference = BB06E2832893D10200172F1E /* frameprojectTests.xctest */;
			productType = "com.apple.product-type.bundle.unit-test";
		};
		BB06E28C2893D10200172F1E /* frameprojectUITests */ = {
			isa = PBXNativeTarget;
			buildConfigurationList = BB06E29D2893D10200172F1E /* Build configuration list for PBXNativeTarget "frameprojectUITests" */;
			buildPhases = (
				BB06E2892893D10200172F1E /* Sources */,
				BB06E28A2893D10200172F1E /* Frameworks */,
				BB06E28B2893D10200172F1E /* Resources */,
			);
			buildRules = (
			);
			dependencies = (
				BB06E28F2893D10200172F1E /* PBXTargetDependency */,
			);
			name = frameprojectUITests;
			productName = frameprojectUITests;
			productReference = BB06E28D2893D10200172F1E /* frameprojectUITests.xctest */;
			productType = "com.apple.product-type.bundle.ui-testing";
		};
/* End PBXNativeTarget section */

/* Begin PBXProject section */
		BB06E2652893D10200172F1E /* Project object */ = {
			isa = PBXProject;
			attributes = {
				BuildIndependentTargetsInParallel = 1;
				LastSwiftUpdateCheck = 1340;
				LastUpgradeCheck = 1340;
				TargetAttributes = {
					BB06E26C2893D10200172F1E = {
						CreatedOnToolsVersion = 13.4.1;
					};
					BB06E2822893D10200172F1E = {
						CreatedOnToolsVersion = 13.4.1;
						TestTargetID = BB06E26C2893D10200172F1E;
					};
					BB06E28C2893D10200172F1E = {
						CreatedOnToolsVersion = 13.4.1;
						TestTargetID = BB06E26C2893D10200172F1E;
					};
				};
			};
			buildConfigurationList = BB06E2682893D10200172F1E /* Build configuration list for PBXProject "frameproject" */;
			compatibilityVersion = "Xcode 13.0";
			developmentRegion = en;
			hasScannedForEncodings = 0;
			knownRegions = (
				en,
				Base,
			);
			mainGroup = BB06E2642893D10200172F1E;
			productRefGroup = BB06E26E2893D10200172F1E /* Products */;
			projectDirPath = "";
			projectRoot = "";
			targets = (
				BB06E26C2893D10200172F1E /* frameproject */,
				BB06E2822893D10200172F1E /* frameprojectTests */,
				BB06E28C2893D10200172F1E /* frameprojectUITests */,
			);
		};
/* End PBXProject section */

/* Begin PBXResourcesBuildPhase section */
		BB06E26B2893D10200172F1E /* Resources */ = {
			isa = PBXResourcesBuildPhase;
			buildActionMask = 2147483647;
			files = (
				BB68DDC52A2502C70095AFD8 /* SourceSansPro-Semibold.otf in Resources */,
				BB06E27D2893D10200172F1E /* LaunchScreen.storyboard in Resources */,
				BBAEE5192A8B85F300BE47F7 /* SampleList.storyboard in Resources */,
				BB06E27A2893D10200172F1E /* Assets.xcassets in Resources */,
				BBAD312A2A7BDBA50082247B /* Init.storyboard in Resources */,
				BB68DDBD2A2502C70095AFD8 /* SourceSansPro-Regular.otf in Resources */,
				BB68DDC02A2502C70095AFD8 /* SourceSansPro-LightIt.otf in Resources */,
				BB68DDBF2A2502C70095AFD8 /* SourceSansPro-SemiboldIt.otf in Resources */,
				BB68DDBC2A2502C70095AFD8 /* SourceSansPro-Bold.otf in Resources */,
				BB68DDC32A2502C70095AFD8 /* SourceSansPro-ExtraLightIt.otf in Resources */,
				BB68DDBE2A2502C70095AFD8 /* SourceSansPro-ExtraLight.otf in Resources */,
				BBC047DC2A91A99900C01289 /* GoogleService-Info.plist in Resources */,
				BB06E2BB2895342200172F1E /* Sample.storyboard in Resources */,
				BB68DDC12A2502C70095AFD8 /* SourceSansPro-Light.otf in Resources */,
				BB68DDC42A2502C70095AFD8 /* SourceSansPro-BoldIt.otf in Resources */,
				BB68DDC72A2502C70095AFD8 /* SourceSansPro-It.otf in Resources */,
				BB06E2782893D10200172F1E /* Main.storyboard in Resources */,
				BB68DDC62A2502C70095AFD8 /* SourceSansPro-Black.otf in Resources */,
				BB68DDC22A2502C70095AFD8 /* SourceSansPro-BlackIt.otf in Resources */,
			);
			runOnlyForDeploymentPostprocessing = 0;
		};
		BB06E2812893D10200172F1E /* Resources */ = {
			isa = PBXResourcesBuildPhase;
			buildActionMask = 2147483647;
			files = (
			);
			runOnlyForDeploymentPostprocessing = 0;
		};
		BB06E28B2893D10200172F1E /* Resources */ = {
			isa = PBXResourcesBuildPhase;
			buildActionMask = 2147483647;
			files = (
			);
			runOnlyForDeploymentPostprocessing = 0;
		};
/* End PBXResourcesBuildPhase section */

/* Begin PBXShellScriptBuildPhase section */
		6CEA10DC8D5EE69AF15C7609 /* [CP] Check Pods Manifest.lock */ = {
			isa = PBXShellScriptBuildPhase;
			buildActionMask = 2147483647;
			files = (
			);
			inputFileListPaths = (
			);
			inputPaths = (
				"${PODS_PODFILE_DIR_PATH}/Podfile.lock",
				"${PODS_ROOT}/Manifest.lock",
			);
			name = "[CP] Check Pods Manifest.lock";
			outputFileListPaths = (
			);
			outputPaths = (
				"$(DERIVED_FILE_DIR)/Pods-frameproject-checkManifestLockResult.txt",
			);
			runOnlyForDeploymentPostprocessing = 0;
			shellPath = /bin/sh;
			shellScript = "diff \"${PODS_PODFILE_DIR_PATH}/Podfile.lock\" \"${PODS_ROOT}/Manifest.lock\" > /dev/null\nif [ $? != 0 ] ; then\n    # print error to STDERR\n    echo \"error: The sandbox is not in sync with the Podfile.lock. Run 'pod install' or update your CocoaPods installation.\" >&2\n    exit 1\nfi\n# This output is used by Xcode 'outputs' to avoid re-running this script phase.\necho \"SUCCESS\" > \"${SCRIPT_OUTPUT_FILE_0}\"\n";
			showEnvVarsInLog = 0;
		};
		A9F5A65F70D79298AF04FCE4 /* [CP] Embed Pods Frameworks */ = {
			isa = PBXShellScriptBuildPhase;
			buildActionMask = 2147483647;
			files = (
			);
			inputFileListPaths = (
				"${PODS_ROOT}/Target Support Files/Pods-frameproject/Pods-frameproject-frameworks-${CONFIGURATION}-input-files.xcfilelist",
			);
			name = "[CP] Embed Pods Frameworks";
			outputFileListPaths = (
				"${PODS_ROOT}/Target Support Files/Pods-frameproject/Pods-frameproject-frameworks-${CONFIGURATION}-output-files.xcfilelist",
			);
			runOnlyForDeploymentPostprocessing = 0;
			shellPath = /bin/sh;
			shellScript = "\"${PODS_ROOT}/Target Support Files/Pods-frameproject/Pods-frameproject-frameworks.sh\"\n";
			showEnvVarsInLog = 0;
		};
		BBAEE5252A8F33C300BE47F7 /* ShellScript */ = {
			isa = PBXShellScriptBuildPhase;
			buildActionMask = 2147483647;
			files = (
			);
			inputFileListPaths = (
			);
			inputPaths = (
			);
			outputFileListPaths = (
			);
			outputPaths = (
			);
			runOnlyForDeploymentPostprocessing = 0;
			shellPath = /bin/sh;
			shellScript = "\"${PODS_ROOT}/FirebaseCrashlytics/run\"\n";
		};
/* End PBXShellScriptBuildPhase section */

/* Begin PBXSourcesBuildPhase section */
		BB06E2692893D10200172F1E /* Sources */ = {
			isa = PBXSourcesBuildPhase;
			buildActionMask = 2147483647;
			files = (
				BBAEE5172A8B85E500BE47F7 /* SampleListViewController.swift in Sources */,
				BB4E369C28BF2E47002C27A7 /* NetworkManager.swift in Sources */,
				BB06E2C32895887F00172F1E /* DesignSystem.swift in Sources */,
				BB61DF1328A3D811006F2E63 /* UIFont.swift in Sources */,
				BBAD312E2A7BDD4E0082247B /* UtilityRouter.swift in Sources */,
				BB06E2B3289528CB00172F1E /* ObservingSelectorInfo.swift in Sources */,
				BBAD31072A7400CA0082247B /* SmartObservable.swift in Sources */,
				BBAD310F2A74B83B0082247B /* SmartObservableProtocol.swift in Sources */,
				BBA8DE32292724C800BD9E45 /* UrlRouted.swift in Sources */,
				BB769EF32902BB71000D5F1D /* DevelopmentEnvironmentConfiguration.swift in Sources */,
				BB61DF1B28A3EAA7006F2E63 /* ShowHideView.swift in Sources */,
				BB06E2752893D10200172F1E /* ViewController.swift in Sources */,
				BBAD31202A7BB62A0082247B /* SampleWireFrameProtocol.swift in Sources */,
				BB769EF12902B8B2000D5F1D /* EnvironmentConfiguration.swift in Sources */,
				BBD85F762954686C0019AD4D /* AuthenticationService.swift in Sources */,
				BBA8DE30292724C800BD9E45 /* String+Extension.swift in Sources */,
				BB06E2C12895845700172F1E /* UIView.swift in Sources */,
				BB06E2D22896324D00172F1E /* DesignSystemView.swift in Sources */,
				BBE4B87728B1039200ADDC4C /* NetworkUtility.swift in Sources */,
				BB61DF2428A75CE4006F2E63 /* NetworkServiceConfigProtocol.swift in Sources */,
				BBAEE51B2A8B85FC00BE47F7 /* SampleListViewProtocol.swift in Sources */,
				BBAD312C2A7BDC480082247B /* InitViewController.swift in Sources */,
				BB06E2C728958A5600172F1E /* Corner.swift in Sources */,
				BB06E2BD28956E9B00172F1E /* View.swift in Sources */,
				BB61DF1628A3DC09006F2E63 /* RadioButtonView.swift in Sources */,
				BB809BD229069F8900D123CD /* AlamofireNetworkService.swift in Sources */,
				BBAEE50B2A8B78FD00BE47F7 /* NameTableViewCell.swift in Sources */,
				BBAD31172A76279E0082247B /* SmartLocalObservableList.swift in Sources */,
				BB95AC672905C1AA00F4653E /* Data.swift in Sources */,
				BB06E2B028951AAE00172F1E /* ViewUtility.swift in Sources */,
				BBAEE5232A8B86B400BE47F7 /* SampleListWireFrame.swift in Sources */,
				BB06E2712893D10200172F1E /* AppDelegate.swift in Sources */,
				BBAEE50F2A8B837300BE47F7 /* UIScrollView.swift in Sources */,
				BB06E2C928958A8300172F1E /* Color.swift in Sources */,
				BB61DF2A28B07439006F2E63 /* NetworkRequestInfo.swift in Sources */,
				BBE4B87328B0F63C00ADDC4C /* ErrorData.swift in Sources */,
				BB06E2B52895300600172F1E /* SampleNSObjectClass.swift in Sources */,
				BBAEE5212A8B86AE00BE47F7 /* SampleListWireFrameProtocol.swift in Sources */,
				BBAD30FF2A73D8530082247B /* UserDefaults.swift in Sources */,
				BB06E2A82893D6ED00172F1E /* Debugger.swift in Sources */,
				BB809BD92906AB1900D123CD /* AlamofireServiceConfig.swift in Sources */,
				BB809BDF2907D44200D123CD /* NetworkManagerUtilities.swift in Sources */,
				BBAEE5152A8B84F000BE47F7 /* UITableView.swift in Sources */,
				BBA8DE3B2927258E00BD9E45 /* MotionKit.swift in Sources */,
				BBAD31032A73F2570082247B /* APIPath.swift in Sources */,
				BBD85F74295467360019AD4D /* Utils.swift in Sources */,
				BBAEE51D2A8B865800BE47F7 /* SampleListPresenterProtocol.swift in Sources */,
				BBE4B87028B0F54E00ADDC4C /* NetworkingParam.swift in Sources */,
				BB61DF2C28B074D9006F2E63 /* NetworkHTTPMethod.swift in Sources */,
				BBA8DE3F29272C5F00BD9E45 /* ArrayExtension.swift in Sources */,
				BB769EED2902B78F000D5F1D /* Configuration.swift in Sources */,
				BB06E2C528958A0700172F1E /* UIColor.swift in Sources */,
				BB809BDD2907C2E300D123CD /* String.swift in Sources */,
				BBA8DE1A292722D200BD9E45 /* LSLocationManager.swift in Sources */,
				BBE4B87528B101CE00ADDC4C /* ResponseData.swift in Sources */,
				BBA8DE4329272D4500BD9E45 /* ObservableArray.swift in Sources */,
				BB61DF2628A75F08006F2E63 /* NetworkServiceConfig.swift in Sources */,
				BBAD31242A7BB88D0082247B /* SamplePresenterProtocol.swift in Sources */,
				BB769EF52902BB80000D5F1D /* ProductionEnvironmentConfiguration.swift in Sources */,
				BBAEE5072A8B767F00BE47F7 /* TableViewCell.swift in Sources */,
				BBD85F71295463020019AD4D /* NSBundle+Language.m in Sources */,
				BB4E369728BF2529002C27A7 /* DataType.swift in Sources */,
				BBAEE5052A8B347100BE47F7 /* TableView.swift in Sources */,
				BBAD310D2A74AFBD0082247B /* SmartLocalObservable.swift in Sources */,
				BB95AC652905C18200F4653E /* Dictionary.swift in Sources */,
				BBFB0C4129696D57005EF628 /* ObservingBlockInfo.swift in Sources */,
				BB06E2CF28958CC500172F1E /* Font.swift in Sources */,
				BBAEE51F2A8B865E00BE47F7 /* SampleListPresenter.swift in Sources */,
				BB61DF0C28A0F52C006F2E63 /* StandardNSObject.swift in Sources */,
				BB809BE1290BD72600D123CD /* APIServiceManager.swift in Sources */,
				BBA8DE2D292724C800BD9E45 /* NSString+MD5Addition.m in Sources */,
				BBA8DE2F292724C800BD9E45 /* UrlPattern.swift in Sources */,
				BBD85F6D295462690019AD4D /* GlobalStatusVariable.swift in Sources */,
				BBD85F6B29516EDE0019AD4D /* TestObject.swift in Sources */,
				BBA8DE31292724C800BD9E45 /* InfiniteScrollView.swift in Sources */,
				BBAD310B2A7405F70082247B /* SampleMappable.swift in Sources */,
				BB06E2AD2895190D00172F1E /* ObservingInfo.swift in Sources */,
				BBA8DE2E292724C800BD9E45 /* DeviceUID.m in Sources */,
				BBFB0C4329696E3D005EF628 /* ObservingActionInfo.swift in Sources */,
				BB4E369928BF29CB002C27A7 /* ImagePathInfo.swift in Sources */,
				BBAD31262A7BB8950082247B /* SamplePresenter.swift in Sources */,
				BBFB0C3F29696AB3005EF628 /* Observer.swift in Sources */,
				BB61DF1E28A41EC9006F2E63 /* SectionView.swift in Sources */,
				BBAD31132A74D5BB0082247B /* SampleObject.swift in Sources */,
				BBA8DE35292724C800BD9E45 /* UrlRouter.swift in Sources */,
				BBAD31012A73E33D0082247B /* TypeAliasList.swift in Sources */,
				BBA8DE33292724C800BD9E45 /* ListTransform.swift in Sources */,
				BBAEE50D2A8B7CCB00BE47F7 /* UILabel.swift in Sources */,
				BB61DF2828B07407006F2E63 /* NetworkServiceProtocol.swift in Sources */,
				BBAD31112A74D24D0082247B /* Realm.swift in Sources */,
				BB06E2D42897905D00172F1E /* Spacing.swift in Sources */,
				BBAD31222A7BB6EB0082247B /* SampleWireFrame.swift in Sources */,
				BBAD311C2A7BB3070082247B /* SampleViewProtocol.swift in Sources */,
				BB769EEF2902B7A8000D5F1D /* Constant.swift in Sources */,
				BB06E2CB28958C3900172F1E /* Icon.swift in Sources */,
				BB769EEA2902B6DC000D5F1D /* DispatchQueue.swift in Sources */,
				BB06E2B9289530A000172F1E /* SampleViewController.swift in Sources */,
				BBA8DE2C292724C800BD9E45 /* UrlRoute.swift in Sources */,
				BBAD311E2A7BB3180082247B /* LoadingRequestCounter.swift in Sources */,
			);
			runOnlyForDeploymentPostprocessing = 0;
		};
		BB06E27F2893D10200172F1E /* Sources */ = {
			isa = PBXSourcesBuildPhase;
			buildActionMask = 2147483647;
			files = (
				BB06E2882893D10200172F1E /* frameprojectTests.swift in Sources */,
			);
			runOnlyForDeploymentPostprocessing = 0;
		};
		BB06E2892893D10200172F1E /* Sources */ = {
			isa = PBXSourcesBuildPhase;
			buildActionMask = 2147483647;
			files = (
				BB06E2942893D10200172F1E /* frameprojectUITestsLaunchTests.swift in Sources */,
				BB06E2922893D10200172F1E /* frameprojectUITests.swift in Sources */,
			);
			runOnlyForDeploymentPostprocessing = 0;
		};
/* End PBXSourcesBuildPhase section */

/* Begin PBXTargetDependency section */
		BB06E2852893D10200172F1E /* PBXTargetDependency */ = {
			isa = PBXTargetDependency;
			target = BB06E26C2893D10200172F1E /* frameproject */;
			targetProxy = BB06E2842893D10200172F1E /* PBXContainerItemProxy */;
		};
		BB06E28F2893D10200172F1E /* PBXTargetDependency */ = {
			isa = PBXTargetDependency;
			target = BB06E26C2893D10200172F1E /* frameproject */;
			targetProxy = BB06E28E2893D10200172F1E /* PBXContainerItemProxy */;
		};
/* End PBXTargetDependency section */

/* Begin PBXVariantGroup section */
		BB06E2762893D10200172F1E /* Main.storyboard */ = {
			isa = PBXVariantGroup;
			children = (
				BB06E2772893D10200172F1E /* Base */,
			);
			name = Main.storyboard;
			sourceTree = "<group>";
		};
		BB06E27B2893D10200172F1E /* LaunchScreen.storyboard */ = {
			isa = PBXVariantGroup;
			children = (
				BB06E27C2893D10200172F1E /* Base */,
			);
			name = LaunchScreen.storyboard;
			sourceTree = "<group>";
		};
/* End PBXVariantGroup section */

/* Begin XCBuildConfiguration section */
		BB06E2952893D10200172F1E /* Debug */ = {
			isa = XCBuildConfiguration;
			buildSettings = {
				ALWAYS_SEARCH_USER_PATHS = NO;
				CLANG_ANALYZER_NONNULL = YES;
				CLANG_ANALYZER_NUMBER_OBJECT_CONVERSION = YES_AGGRESSIVE;
				CLANG_CXX_LANGUAGE_STANDARD = "gnu++17";
				CLANG_ENABLE_MODULES = YES;
				CLANG_ENABLE_OBJC_ARC = YES;
				CLANG_ENABLE_OBJC_WEAK = YES;
				CLANG_WARN_BLOCK_CAPTURE_AUTORELEASING = YES;
				CLANG_WARN_BOOL_CONVERSION = YES;
				CLANG_WARN_COMMA = YES;
				CLANG_WARN_CONSTANT_CONVERSION = YES;
				CLANG_WARN_DEPRECATED_OBJC_IMPLEMENTATIONS = YES;
				CLANG_WARN_DIRECT_OBJC_ISA_USAGE = YES_ERROR;
				CLANG_WARN_DOCUMENTATION_COMMENTS = YES;
				CLANG_WARN_EMPTY_BODY = YES;
				CLANG_WARN_ENUM_CONVERSION = YES;
				CLANG_WARN_INFINITE_RECURSION = YES;
				CLANG_WARN_INT_CONVERSION = YES;
				CLANG_WARN_NON_LITERAL_NULL_CONVERSION = YES;
				CLANG_WARN_OBJC_IMPLICIT_RETAIN_SELF = YES;
				CLANG_WARN_OBJC_LITERAL_CONVERSION = YES;
				CLANG_WARN_OBJC_ROOT_CLASS = YES_ERROR;
				CLANG_WARN_QUOTED_INCLUDE_IN_FRAMEWORK_HEADER = YES;
				CLANG_WARN_RANGE_LOOP_ANALYSIS = YES;
				CLANG_WARN_STRICT_PROTOTYPES = YES;
				CLANG_WARN_SUSPICIOUS_MOVE = YES;
				CLANG_WARN_UNGUARDED_AVAILABILITY = YES_AGGRESSIVE;
				CLANG_WARN_UNREACHABLE_CODE = YES;
				CLANG_WARN__DUPLICATE_METHOD_MATCH = YES;
				COPY_PHASE_STRIP = NO;
				DEBUG_INFORMATION_FORMAT = dwarf;
				ENABLE_STRICT_OBJC_MSGSEND = YES;
				ENABLE_TESTABILITY = YES;
				GCC_C_LANGUAGE_STANDARD = gnu11;
				GCC_DYNAMIC_NO_PIC = NO;
				GCC_NO_COMMON_BLOCKS = YES;
				GCC_OPTIMIZATION_LEVEL = 0;
				GCC_PREPROCESSOR_DEFINITIONS = (
					"DEBUG=1",
					"$(inherited)",
				);
				GCC_WARN_64_TO_32_BIT_CONVERSION = YES;
				GCC_WARN_ABOUT_RETURN_TYPE = YES_ERROR;
				GCC_WARN_UNDECLARED_SELECTOR = YES;
				GCC_WARN_UNINITIALIZED_AUTOS = YES_AGGRESSIVE;
				GCC_WARN_UNUSED_FUNCTION = YES;
				GCC_WARN_UNUSED_VARIABLE = YES;
				IPHONEOS_DEPLOYMENT_TARGET = 15.5;
				MTL_ENABLE_DEBUG_INFO = INCLUDE_SOURCE;
				MTL_FAST_MATH = YES;
				ONLY_ACTIVE_ARCH = YES;
				SDKROOT = iphoneos;
				SWIFT_ACTIVE_COMPILATION_CONDITIONS = DEBUG;
				SWIFT_OPTIMIZATION_LEVEL = "-Onone";
			};
			name = Debug;
		};
		BB06E2962893D10200172F1E /* Release */ = {
			isa = XCBuildConfiguration;
			buildSettings = {
				ALWAYS_SEARCH_USER_PATHS = NO;
				CLANG_ANALYZER_NONNULL = YES;
				CLANG_ANALYZER_NUMBER_OBJECT_CONVERSION = YES_AGGRESSIVE;
				CLANG_CXX_LANGUAGE_STANDARD = "gnu++17";
				CLANG_ENABLE_MODULES = YES;
				CLANG_ENABLE_OBJC_ARC = YES;
				CLANG_ENABLE_OBJC_WEAK = YES;
				CLANG_WARN_BLOCK_CAPTURE_AUTORELEASING = YES;
				CLANG_WARN_BOOL_CONVERSION = YES;
				CLANG_WARN_COMMA = YES;
				CLANG_WARN_CONSTANT_CONVERSION = YES;
				CLANG_WARN_DEPRECATED_OBJC_IMPLEMENTATIONS = YES;
				CLANG_WARN_DIRECT_OBJC_ISA_USAGE = YES_ERROR;
				CLANG_WARN_DOCUMENTATION_COMMENTS = YES;
				CLANG_WARN_EMPTY_BODY = YES;
				CLANG_WARN_ENUM_CONVERSION = YES;
				CLANG_WARN_INFINITE_RECURSION = YES;
				CLANG_WARN_INT_CONVERSION = YES;
				CLANG_WARN_NON_LITERAL_NULL_CONVERSION = YES;
				CLANG_WARN_OBJC_IMPLICIT_RETAIN_SELF = YES;
				CLANG_WARN_OBJC_LITERAL_CONVERSION = YES;
				CLANG_WARN_OBJC_ROOT_CLASS = YES_ERROR;
				CLANG_WARN_QUOTED_INCLUDE_IN_FRAMEWORK_HEADER = YES;
				CLANG_WARN_RANGE_LOOP_ANALYSIS = YES;
				CLANG_WARN_STRICT_PROTOTYPES = YES;
				CLANG_WARN_SUSPICIOUS_MOVE = YES;
				CLANG_WARN_UNGUARDED_AVAILABILITY = YES_AGGRESSIVE;
				CLANG_WARN_UNREACHABLE_CODE = YES;
				CLANG_WARN__DUPLICATE_METHOD_MATCH = YES;
				COPY_PHASE_STRIP = NO;
				DEBUG_INFORMATION_FORMAT = "dwarf-with-dsym";
				ENABLE_NS_ASSERTIONS = NO;
				ENABLE_STRICT_OBJC_MSGSEND = YES;
				GCC_C_LANGUAGE_STANDARD = gnu11;
				GCC_NO_COMMON_BLOCKS = YES;
				GCC_WARN_64_TO_32_BIT_CONVERSION = YES;
				GCC_WARN_ABOUT_RETURN_TYPE = YES_ERROR;
				GCC_WARN_UNDECLARED_SELECTOR = YES;
				GCC_WARN_UNINITIALIZED_AUTOS = YES_AGGRESSIVE;
				GCC_WARN_UNUSED_FUNCTION = YES;
				GCC_WARN_UNUSED_VARIABLE = YES;
				IPHONEOS_DEPLOYMENT_TARGET = 15.5;
				MTL_ENABLE_DEBUG_INFO = NO;
				MTL_FAST_MATH = YES;
				SDKROOT = iphoneos;
				SWIFT_COMPILATION_MODE = wholemodule;
				SWIFT_OPTIMIZATION_LEVEL = "-O";
				VALIDATE_PRODUCT = YES;
			};
			name = Release;
		};
		BB06E2982893D10200172F1E /* Debug */ = {
			isa = XCBuildConfiguration;
			baseConfigurationReference = 2B1001D664A03BA3FA8131DB /* Pods-frameproject.debug.xcconfig */;
			buildSettings = {
				ASSETCATALOG_COMPILER_APPICON_NAME = AppIcon;
				ASSETCATALOG_COMPILER_GLOBAL_ACCENT_COLOR_NAME = AccentColor;
				ASSETCATALOG_COMPILER_INCLUDE_ALL_APPICON_ASSETS = YES;
				"CODE_SIGN_IDENTITY[sdk=iphoneos*]" = "iPhone Developer";
				CODE_SIGN_STYLE = Manual;
				CURRENT_PROJECT_VERSION = 4;
				DEVELOPMENT_TEAM = "";
				"DEVELOPMENT_TEAM[sdk=iphoneos*]" = M2T6Z3VFYT;
				GENERATE_INFOPLIST_FILE = YES;
				INFOPLIST_FILE = frameproject/Info.plist;
				INFOPLIST_KEY_CFBundleDisplayName = frameproject;
				INFOPLIST_KEY_LSApplicationCategoryType = "public.app-category.developer-tools";
				INFOPLIST_KEY_NSLocationWhenInUseUsageDescription = "This app need to use your location service to update data";
				INFOPLIST_KEY_UIApplicationSupportsIndirectInputEvents = YES;
				INFOPLIST_KEY_UILaunchStoryboardName = LaunchScreen;
				INFOPLIST_KEY_UIMainStoryboardFile = Init;
				INFOPLIST_KEY_UIRequiresFullScreen = YES;
				INFOPLIST_KEY_UISupportedInterfaceOrientations = UIInterfaceOrientationPortrait;
				IPHONEOS_DEPLOYMENT_TARGET = 13.0;
				LD_RUNPATH_SEARCH_PATHS = (
					"$(inherited)",
					"@executable_path/Frameworks",
				);
				MARKETING_VERSION = 1.1;
				PRODUCT_BUNDLE_IDENTIFIER = trmquang.frameproject;
				PRODUCT_NAME = "$(TARGET_NAME)";
				PROVISIONING_PROFILE_SPECIFIER = "";
				"PROVISIONING_PROFILE_SPECIFIER[sdk=iphoneos*]" = "match Development trmquang.frameproject";
				SWIFT_EMIT_LOC_STRINGS = YES;
				SWIFT_OBJC_BRIDGING_HEADER = "frameproject/frameproject-Bridging-Header.h";
				SWIFT_VERSION = 5.0;
				TARGETED_DEVICE_FAMILY = "1,2";
			};
			name = Debug;
		};
		BB06E2992893D10200172F1E /* Release */ = {
			isa = XCBuildConfiguration;
			baseConfigurationReference = B88C784D9DD124BFE6D884E7 /* Pods-frameproject.release.xcconfig */;
			buildSettings = {
				ASSETCATALOG_COMPILER_APPICON_NAME = AppIcon;
				ASSETCATALOG_COMPILER_GLOBAL_ACCENT_COLOR_NAME = AccentColor;
				ASSETCATALOG_COMPILER_INCLUDE_ALL_APPICON_ASSETS = YES;
				CODE_SIGN_IDENTITY = "Apple Distribution";
				"CODE_SIGN_IDENTITY[sdk=iphoneos*]" = "iPhone Distribution";
				CODE_SIGN_STYLE = Manual;
				CURRENT_PROJECT_VERSION = 4;
				DEVELOPMENT_TEAM = "";
				"DEVELOPMENT_TEAM[sdk=iphoneos*]" = M2T6Z3VFYT;
				GENERATE_INFOPLIST_FILE = YES;
				INFOPLIST_FILE = frameproject/Info.plist;
				INFOPLIST_KEY_CFBundleDisplayName = frameproject;
				INFOPLIST_KEY_LSApplicationCategoryType = "public.app-category.developer-tools";
				INFOPLIST_KEY_NSLocationWhenInUseUsageDescription = "This app need to use your location service to update data";
				INFOPLIST_KEY_UIApplicationSupportsIndirectInputEvents = YES;
				INFOPLIST_KEY_UILaunchStoryboardName = LaunchScreen;
				INFOPLIST_KEY_UIMainStoryboardFile = Init;
				INFOPLIST_KEY_UIRequiresFullScreen = YES;
				INFOPLIST_KEY_UISupportedInterfaceOrientations = UIInterfaceOrientationPortrait;
				IPHONEOS_DEPLOYMENT_TARGET = 13.0;
				LD_RUNPATH_SEARCH_PATHS = (
					"$(inherited)",
					"@executable_path/Frameworks",
				);
				MARKETING_VERSION = 1.1;
				ONLY_ACTIVE_ARCH = NO;
				PRODUCT_BUNDLE_IDENTIFIER = trmquang.frameproject;
				PRODUCT_NAME = "$(TARGET_NAME)";
				PROVISIONING_PROFILE_SPECIFIER = "";
				"PROVISIONING_PROFILE_SPECIFIER[sdk=iphoneos*]" = "match AppStore trmquang.frameproject";
				SWIFT_EMIT_LOC_STRINGS = YES;
				SWIFT_OBJC_BRIDGING_HEADER = "frameproject/frameproject-Bridging-Header.h";
				SWIFT_VERSION = 5.0;
				TARGETED_DEVICE_FAMILY = "1,2";
			};
			name = Release;
		};
		BB06E29B2893D10200172F1E /* Debug */ = {
			isa = XCBuildConfiguration;
			buildSettings = {
				ALWAYS_EMBED_SWIFT_STANDARD_LIBRARIES = YES;
				BUNDLE_LOADER = "$(TEST_HOST)";
				CODE_SIGN_STYLE = Automatic;
				CURRENT_PROJECT_VERSION = 1;
				DEVELOPMENT_TEAM = M2T6Z3VFYT;
				GENERATE_INFOPLIST_FILE = YES;
				IPHONEOS_DEPLOYMENT_TARGET = 15.5;
				MARKETING_VERSION = 1.0;
				PRODUCT_BUNDLE_IDENTIFIER = com.apple.frameproject.frameprojectTests;
				PRODUCT_NAME = "$(TARGET_NAME)";
				SWIFT_EMIT_LOC_STRINGS = NO;
				SWIFT_VERSION = 5.0;
				TARGETED_DEVICE_FAMILY = "1,2";
				TEST_HOST = "$(BUILT_PRODUCTS_DIR)/frameproject.app/frameproject";
			};
			name = Debug;
		};
		BB06E29C2893D10200172F1E /* Release */ = {
			isa = XCBuildConfiguration;
			buildSettings = {
				ALWAYS_EMBED_SWIFT_STANDARD_LIBRARIES = YES;
				BUNDLE_LOADER = "$(TEST_HOST)";
				CODE_SIGN_STYLE = Automatic;
				CURRENT_PROJECT_VERSION = 1;
				DEVELOPMENT_TEAM = M2T6Z3VFYT;
				GENERATE_INFOPLIST_FILE = YES;
				IPHONEOS_DEPLOYMENT_TARGET = 15.5;
				MARKETING_VERSION = 1.0;
				PRODUCT_BUNDLE_IDENTIFIER = com.apple.frameproject.frameprojectTests;
				PRODUCT_NAME = "$(TARGET_NAME)";
				SWIFT_EMIT_LOC_STRINGS = NO;
				SWIFT_VERSION = 5.0;
				TARGETED_DEVICE_FAMILY = "1,2";
				TEST_HOST = "$(BUILT_PRODUCTS_DIR)/frameproject.app/frameproject";
			};
			name = Release;
		};
		BB06E29E2893D10200172F1E /* Debug */ = {
			isa = XCBuildConfiguration;
			buildSettings = {
				ALWAYS_EMBED_SWIFT_STANDARD_LIBRARIES = YES;
				CODE_SIGN_STYLE = Automatic;
				CURRENT_PROJECT_VERSION = 1;
				DEVELOPMENT_TEAM = M2T6Z3VFYT;
				GENERATE_INFOPLIST_FILE = YES;
				MARKETING_VERSION = 1.0;
				PRODUCT_BUNDLE_IDENTIFIER = com.apple.frameproject.frameprojectUITests;
				PRODUCT_NAME = "$(TARGET_NAME)";
				SWIFT_EMIT_LOC_STRINGS = NO;
				SWIFT_VERSION = 5.0;
				TARGETED_DEVICE_FAMILY = "1,2";
				TEST_TARGET_NAME = frameproject;
			};
			name = Debug;
		};
		BB06E29F2893D10200172F1E /* Release */ = {
			isa = XCBuildConfiguration;
			buildSettings = {
				ALWAYS_EMBED_SWIFT_STANDARD_LIBRARIES = YES;
				CODE_SIGN_STYLE = Automatic;
				CURRENT_PROJECT_VERSION = 1;
				DEVELOPMENT_TEAM = M2T6Z3VFYT;
				GENERATE_INFOPLIST_FILE = YES;
				MARKETING_VERSION = 1.0;
				PRODUCT_BUNDLE_IDENTIFIER = com.apple.frameproject.frameprojectUITests;
				PRODUCT_NAME = "$(TARGET_NAME)";
				SWIFT_EMIT_LOC_STRINGS = NO;
				SWIFT_VERSION = 5.0;
				TARGETED_DEVICE_FAMILY = "1,2";
				TEST_TARGET_NAME = frameproject;
			};
			name = Release;
		};
/* End XCBuildConfiguration section */

/* Begin XCConfigurationList section */
		BB06E2682893D10200172F1E /* Build configuration list for PBXProject "frameproject" */ = {
			isa = XCConfigurationList;
			buildConfigurations = (
				BB06E2952893D10200172F1E /* Debug */,
				BB06E2962893D10200172F1E /* Release */,
			);
			defaultConfigurationIsVisible = 0;
			defaultConfigurationName = Release;
		};
		BB06E2972893D10200172F1E /* Build configuration list for PBXNativeTarget "frameproject" */ = {
			isa = XCConfigurationList;
			buildConfigurations = (
				BB06E2982893D10200172F1E /* Debug */,
				BB06E2992893D10200172F1E /* Release */,
			);
			defaultConfigurationIsVisible = 0;
			defaultConfigurationName = Release;
		};
		BB06E29A2893D10200172F1E /* Build configuration list for PBXNativeTarget "frameprojectTests" */ = {
			isa = XCConfigurationList;
			buildConfigurations = (
				BB06E29B2893D10200172F1E /* Debug */,
				BB06E29C2893D10200172F1E /* Release */,
			);
			defaultConfigurationIsVisible = 0;
			defaultConfigurationName = Release;
		};
		BB06E29D2893D10200172F1E /* Build configuration list for PBXNativeTarget "frameprojectUITests" */ = {
			isa = XCConfigurationList;
			buildConfigurations = (
				BB06E29E2893D10200172F1E /* Debug */,
				BB06E29F2893D10200172F1E /* Release */,
			);
			defaultConfigurationIsVisible = 0;
			defaultConfigurationName = Release;
		};
/* End XCConfigurationList section */
	};
	rootObject = BB06E2652893D10200172F1E /* Project object */;
}
